
Microsoft Visual Studio Solution File, Format Version 12.00
# Visual Studio 15
Project("{FAE04EC0-301F-11D3-BF4B-00C04F79EFBC}") = "Meta.WitAi.Conduit", "Meta.WitAi.Conduit.csproj", "{9E522938-C062-5F73-166C-F79BA979B603}"
EndProject
Project("{FAE04EC0-301F-11D3-BF4B-00C04F79EFBC}") = "Oculus.VR", "Oculus.VR.csproj", "{88E15FD8-0CCC-4D60-0236-604E8A541C08}"
EndProject
Project("{FAE04EC0-301F-11D3-BF4B-00C04F79EFBC}") = "Oculus.Interaction", "Oculus.Interaction.csproj", "{F7603D7D-021F-FA6E-192A-6787B170D241}"
EndProject
Project("{FAE04EC0-301F-11D3-BF4B-00C04F79EFBC}") = "Oculus.Interaction.Editor", "Oculus.Interaction.Editor.csproj", "{49F89714-DBCA-2521-05AE-60CB98478256}"
EndProject
Project("{FAE04EC0-301F-11D3-BF4B-00C04F79EFBC}") = "Oculus.Platform", "Oculus.Platform.csproj", "{87BF0A24-8597-DBEF-896B-214C8E51819E}"
EndProject
Project("{FAE04EC0-301F-11D3-BF4B-00C04F79EFBC}") = "VoiceSDK.Telemetry", "VoiceSDK.Telemetry.csproj", "{39BBF6E2-D261-FDE5-2C5F-FC6BECCAF258}"
EndProject
Project("{FAE04EC0-301F-11D3-BF4B-00C04F79EFBC}") = "Assembly-CSharp", "Assembly-CSharp.csproj", "{0F17C26C-03C4-DD94-B22C-29994230C2A2}"
EndProject
Project("{FAE04EC0-301F-11D3-BF4B-00C04F79EFBC}") = "Oculus.Interaction.OVR.Samples", "Oculus.Interaction.OVR.Samples.csproj", "{06A59DD1-82D5-5D70-4368-944417D558E9}"
EndProject
Project("{FAE04EC0-301F-11D3-BF4B-00C04F79EFBC}") = "Meta.WitAi.Lib", "Meta.WitAi.Lib.csproj", "{6D3887E4-53DA-9716-F345-751C3346532C}"
EndProject
Project("{FAE04EC0-301F-11D3-BF4B-00C04F79EFBC}") = "Meta.WitAi.Editor", "Meta.WitAi.Editor.csproj", "{FBB7FD11-D51F-8CF5-3319-63D935BA2CB3}"
EndProject
Project("{FAE04EC0-301F-11D3-BF4B-00C04F79EFBC}") = "Meta.WitAi.Conduit.Editor", "Meta.WitAi.Conduit.Editor.csproj", "{33891B6A-E2B8-EF6D-8385-6A1C2ED4031D}"
EndProject
Project("{FAE04EC0-301F-11D3-BF4B-00C04F79EFBC}") = "Meta.WitAi", "Meta.WitAi.csproj", "{2FCC3D1D-191D-D635-9B8E-39775A8C1145}"
EndProject
Project("{FAE04EC0-301F-11D3-BF4B-00C04F79EFBC}") = "Oculus.VR.Editor", "Oculus.VR.Editor.csproj", "{5061F742-B61D-2097-61C9-790C78E47BD9}"
EndProject
Project("{FAE04EC0-301F-11D3-BF4B-00C04F79EFBC}") = "Oculus.Interaction.OVR.Editor", "Oculus.Interaction.OVR.Editor.csproj", "{25433564-D962-52A4-3103-2B2EAED37609}"
EndProject
Project("{FAE04EC0-301F-11D3-BF4B-00C04F79EFBC}") = "Oculus.LipSync", "Oculus.LipSync.csproj", "{50954DBD-5BB5-CD56-A6CC-D49B50F5C4A8}"
EndProject
Project("{FAE04EC0-301F-11D3-BF4B-00C04F79EFBC}") = "Oculus.Interaction.OVR", "Oculus.Interaction.OVR.csproj", "{83849EEC-24DD-4CA7-0B2A-65B9FCBB3E72}"
EndProject
Project("{FAE04EC0-301F-11D3-BF4B-00C04F79EFBC}") = "VoiceSDK.Editor", "VoiceSDK.Editor.csproj", "{3D18DBAF-A74F-6D49-F16C-0FE18EF88731}"
EndProject
Project("{FAE04EC0-301F-11D3-BF4B-00C04F79EFBC}") = "Meta.WitAI.Lib.Editor", "Meta.WitAI.Lib.Editor.csproj", "{9202F6DE-FF11-3D1D-D1E5-264AFCB7FB0C}"
EndProject
Project("{FAE04EC0-301F-11D3-BF4B-00C04F79EFBC}") = "Oculus.AudioManager", "Oculus.AudioManager.csproj", "{05EB9F5A-DB16-0D00-E5CD-ABFB5C586E9F}"
EndProject
Project("{FAE04EC0-301F-11D3-BF4B-00C04F79EFBC}") = "Meta.Voice.Samples.BuiltInTimer", "Meta.Voice.Samples.BuiltInTimer.csproj", "{5370DF9F-065A-8110-AD58-8ED4E91FF6F3}"
EndProject
Project("{FAE04EC0-301F-11D3-BF4B-00C04F79EFBC}") = "Meta.XR.BuildingBlocks.Editor", "Meta.XR.BuildingBlocks.Editor.csproj", "{0B6940E6-CC7D-3A37-69A7-B3A38BEBB610}"
EndProject
Project("{FAE04EC0-301F-11D3-BF4B-00C04F79EFBC}") = "Meta.Voice.VSDKHub.Editor", "Meta.Voice.VSDKHub.Editor.csproj", "{7CCEE83E-72F9-A4E3-B908-4C3ECBF676AF}"
EndProject
Project("{FAE04EC0-301F-11D3-BF4B-00C04F79EFBC}") = "VoiceSDK.Dictation.Runtime", "VoiceSDK.Dictation.Runtime.csproj", "{ECF8955B-7483-38E4-03FF-E162963767F1}"
EndProject
Project("{FAE04EC0-301F-11D3-BF4B-00C04F79EFBC}") = "Meta.WitAi.TTS", "Meta.WitAi.TTS.csproj", "{9567C790-3047-7004-E1E0-307DEDD7F8BD}"
EndProject
Project("{FAE04EC0-301F-11D3-BF4B-00C04F79EFBC}") = "AssistantCoreSDKRuntime", "AssistantCoreSDKRuntime.csproj", "{1461784F-9020-9E1E-6947-390CC2159673}"
EndProject
Project("{FAE04EC0-301F-11D3-BF4B-00C04F79EFBC}") = "Assembly-CSharp-Editor", "Assembly-CSharp-Editor.csproj", "{464793DF-BC4C-3A94-6445-D2B72CEAF062}"
EndProject
Project("{FAE04EC0-301F-11D3-BF4B-00C04F79EFBC}") = "Meta.Voice.Samples.TTSVoices", "Meta.Voice.Samples.TTSVoices.csproj", "{0EE39CA4-F759-4BA6-4E41-375D6DB563D5}"
EndProject
Project("{FAE04EC0-301F-11D3-BF4B-00C04F79EFBC}") = "VoiceSDK.Runtime", "VoiceSDK.Runtime.csproj", "{7BDD23B5-E5CA-AF55-9EE9-563E215BBB72}"
EndProject
Project("{FAE04EC0-301F-11D3-BF4B-00C04F79EFBC}") = "Oculus.VR.Scripts.Editor", "Oculus.VR.Scripts.Editor.csproj", "{19A39FBB-FB18-439C-B730-4A1AFCF2D0ED}"
EndProject
Project("{FAE04EC0-301F-11D3-BF4B-00C04F79EFBC}") = "Meta.Voice.Samples.LightTraits", "Meta.Voice.Samples.LightTraits.csproj", "{5D4096B8-798A-81F3-D3BB-CD9E75563236}"
EndProject
Project("{FAE04EC0-301F-11D3-BF4B-00C04F79EFBC}") = "Meta.Voice.Hub.Editor", "Meta.Voice.Hub.Editor.csproj", "{C96F5EA4-86A4-B363-2128-7746D5F9F117}"
EndProject
Project("{FAE04EC0-301F-11D3-BF4B-00C04F79EFBC}") = "Oculus.Interaction.Samples.Editor", "Oculus.Interaction.Samples.Editor.csproj", "{99CDDB07-4931-BE3D-2C9E-FAA550C77D9E}"
EndProject
Project("{FAE04EC0-301F-11D3-BF4B-00C04F79EFBC}") = "Meta.WitAi.TTS.Editor", "Meta.WitAi.TTS.Editor.csproj", "{860DEC35-CBDD-C454-D94F-A7849EB00BF7}"
EndProject
Project("{FAE04EC0-301F-11D3-BF4B-00C04F79EFBC}") = "Meta.XR.BuildingBlocks", "Meta.XR.BuildingBlocks.csproj", "{77F9BEAC-BD8C-92B8-82B7-2305EF2DC5F0}"
EndProject
Project("{FAE04EC0-301F-11D3-BF4B-00C04F79EFBC}") = "Oculus.Platform.Editor", "Oculus.Platform.Editor.csproj", "{CD1340FD-B583-A609-8C2F-B7545588639D}"
EndProject
Project("{FAE04EC0-301F-11D3-BF4B-00C04F79EFBC}") = "Facebook.Wit.Dictation", "Facebook.Wit.Dictation.csproj", "{A1E1707E-7364-B725-2DDC-BC8B1CB3464A}"
EndProject
Project("{FAE04EC0-301F-11D3-BF4B-00C04F79EFBC}") = "Oculus.Spatializer.Editor", "Oculus.Spatializer.Editor.csproj", "{CFB07EF5-ABFF-00A7-FA8F-4A89A44FAA01}"
EndProject
Project("{FAE04EC0-301F-11D3-BF4B-00C04F79EFBC}") = "Oculus.LipSync.Editor", "Oculus.LipSync.Editor.csproj", "{0222B1F8-CF95-77CD-25E6-CC18A09BA1DF}"
EndProject
Project("{FAE04EC0-301F-11D3-BF4B-00C04F79EFBC}") = "Oculus.AudioManager.Utils.Editor", "Oculus.AudioManager.Utils.Editor.csproj", "{C5A99665-D050-27F2-3E33-7807638B6EA5}"
EndProject
Project("{FAE04EC0-301F-11D3-BF4B-00C04F79EFBC}") = "Meta.VoiceSDK.Mic.Common", "Meta.VoiceSDK.Mic.Common.csproj", "{4E5EF10A-F82B-7F5A-354D-C7D12B611D4D}"
EndProject
Project("{FAE04EC0-301F-11D3-BF4B-00C04F79EFBC}") = "Meta.Voice.Samples.ShapesConduit", "Meta.Voice.Samples.ShapesConduit.csproj", "{79CF9890-5224-4998-9A1A-88DD6C493BBE}"
EndProject
Project("{FAE04EC0-301F-11D3-BF4B-00C04F79EFBC}") = "Oculus.Spatializer", "Oculus.Spatializer.csproj", "{492714B7-B491-DCD9-8753-32663874F71C}"
EndProject
Project("{FAE04EC0-301F-11D3-BF4B-00C04F79EFBC}") = "Meta.VoiceSDK.Mic.Other", "Meta.VoiceSDK.Mic.Other.csproj", "{B8DCE79F-3716-0F01-1CD8-B563048E75B2}"
EndProject
Project("{FAE04EC0-301F-11D3-BF4B-00C04F79EFBC}") = "Oculus.Interaction.InterfaceSupport", "Oculus.Interaction.InterfaceSupport.csproj", "{1A20CC9E-68F2-18B5-C9B4-CCF3C35FA860}"
EndProject
Project("{FAE04EC0-301F-11D3-BF4B-00C04F79EFBC}") = "Oculus.AudioManager.Audio.Editor", "Oculus.AudioManager.Audio.Editor.csproj", "{7DA774BF-EB8C-E6D9-2723-66D0F8A93138}"
EndProject
Project("{FAE04EC0-301F-11D3-BF4B-00C04F79EFBC}") = "Meta.Voice.Samples.LiveUnderstanding", "Meta.Voice.Samples.LiveUnderstanding.csproj", "{70A890D5-E5AF-32E3-474C-25124F99F910}"
EndProject
Project("{FAE04EC0-301F-11D3-BF4B-00C04F79EFBC}") = "VoiceSDK.Dictation.Editor", "VoiceSDK.Dictation.Editor.csproj", "{E4E5D9DC-1020-BD51-3070-5935BB0AD5EC}"
EndProject
Project("{FAE04EC0-301F-11D3-BF4B-00C04F79EFBC}") = "AssistantCoreSDKEditor", "AssistantCoreSDKEditor.csproj", "{A62D78E2-272E-1DB9-FB4A-8FCA717C27F6}"
EndProject
Project("{FAE04EC0-301F-11D3-BF4B-00C04F79EFBC}") = "Meta.VoiceSDK.Mic.WebGL", "Meta.VoiceSDK.Mic.WebGL.csproj", "{C9701C79-2AB9-F908-2F15-7880DA975621}"
EndProject
Project("{FAE04EC0-301F-11D3-BF4B-00C04F79EFBC}") = "Meta.Voice.Hub.Runtime", "Meta.Voice.Hub.Runtime.csproj", "{72E37E28-1C6D-604A-E278-37F002545CF2}"
EndProject
Project("{FAE04EC0-301F-11D3-BF4B-00C04F79EFBC}") = "Meta.Voice.Samples.Chess", "Meta.Voice.Samples.Chess.csproj", "{D93C9891-084F-A514-83BC-4A2CE5E51EBF}"
EndProject
Project("{FAE04EC0-301F-11D3-BF4B-00C04F79EFBC}") = "Meta.Voice.Samples.Dictation", "Meta.Voice.Samples.Dictation.csproj", "{905D18CE-0704-514C-E757-664D1DE5D3CD}"
EndProject
Project("{FAE04EC0-301F-11D3-BF4B-00C04F79EFBC}") = "Meta.Voice.Samples.Shapes", "Meta.Voice.Samples.Shapes.csproj", "{1AD2B288-AF17-3EB0-1E30-AE3104634D78}"
EndProject
Project("{FAE04EC0-301F-11D3-BF4B-00C04F79EFBC}") = "Facebook.Wit.Dictation.Editor", "Facebook.Wit.Dictation.Editor.csproj", "{E966B33E-BDA3-C90C-01F5-0F09DF583CA3}"
EndProject
Global
	GlobalSection(SolutionConfigurationPlatforms) = preSolution
		Debug|Any CPU = Debug|Any CPU
		Release|Any CPU = Release|Any CPU
	EndGlobalSection
	GlobalSection(ProjectConfigurationPlatforms) = postSolution
		{9E522938-C062-5F73-166C-F79BA979B603}.Debug|Any CPU.ActiveCfg = Debug|Any CPU
		{9E522938-C062-5F73-166C-F79BA979B603}.Debug|Any CPU.Build.0 = Debug|Any CPU
		{9E522938-C062-5F73-166C-F79BA979B603}.Release|Any CPU.ActiveCfg = Release|Any CPU
		{9E522938-C062-5F73-166C-F79BA979B603}.Release|Any CPU.Build.0 = Release|Any CPU
		{88E15FD8-0CCC-4D60-0236-604E8A541C08}.Debug|Any CPU.ActiveCfg = Debug|Any CPU
		{88E15FD8-0CCC-4D60-0236-604E8A541C08}.Debug|Any CPU.Build.0 = Debug|Any CPU
		{88E15FD8-0CCC-4D60-0236-604E8A541C08}.Release|Any CPU.ActiveCfg = Release|Any CPU
		{88E15FD8-0CCC-4D60-0236-604E8A541C08}.Release|Any CPU.Build.0 = Release|Any CPU
		{F7603D7D-021F-FA6E-192A-6787B170D241}.Debug|Any CPU.ActiveCfg = Debug|Any CPU
		{F7603D7D-021F-FA6E-192A-6787B170D241}.Debug|Any CPU.Build.0 = Debug|Any CPU
		{F7603D7D-021F-FA6E-192A-6787B170D241}.Release|Any CPU.ActiveCfg = Release|Any CPU
		{F7603D7D-021F-FA6E-192A-6787B170D241}.Release|Any CPU.Build.0 = Release|Any CPU
		{49F89714-DBCA-2521-05AE-60CB98478256}.Debug|Any CPU.ActiveCfg = Debug|Any CPU
		{49F89714-DBCA-2521-05AE-60CB98478256}.Debug|Any CPU.Build.0 = Debug|Any CPU
		{49F89714-DBCA-2521-05AE-60CB98478256}.Release|Any CPU.ActiveCfg = Release|Any CPU
		{49F89714-DBCA-2521-05AE-60CB98478256}.Release|Any CPU.Build.0 = Release|Any CPU
		{87BF0A24-8597-DBEF-896B-214C8E51819E}.Debug|Any CPU.ActiveCfg = Debug|Any CPU
		{87BF0A24-8597-DBEF-896B-214C8E51819E}.Debug|Any CPU.Build.0 = Debug|Any CPU
		{87BF0A24-8597-DBEF-896B-214C8E51819E}.Release|Any CPU.ActiveCfg = Release|Any CPU
		{87BF0A24-8597-DBEF-896B-214C8E51819E}.Release|Any CPU.Build.0 = Release|Any CPU
		{39BBF6E2-D261-FDE5-2C5F-FC6BECCAF258}.Debug|Any CPU.ActiveCfg = Debug|Any CPU
		{39BBF6E2-D261-FDE5-2C5F-FC6BECCAF258}.Debug|Any CPU.Build.0 = Debug|Any CPU
		{39BBF6E2-D261-FDE5-2C5F-FC6BECCAF258}.Release|Any CPU.ActiveCfg = Release|Any CPU
		{39BBF6E2-D261-FDE5-2C5F-FC6BECCAF258}.Release|Any CPU.Build.0 = Release|Any CPU
		{0F17C26C-03C4-DD94-B22C-29994230C2A2}.Debug|Any CPU.ActiveCfg = Debug|Any CPU
		{0F17C26C-03C4-DD94-B22C-29994230C2A2}.Debug|Any CPU.Build.0 = Debug|Any CPU
		{0F17C26C-03C4-DD94-B22C-29994230C2A2}.Release|Any CPU.ActiveCfg = Release|Any CPU
		{0F17C26C-03C4-DD94-B22C-29994230C2A2}.Release|Any CPU.Build.0 = Release|Any CPU
		{06A59DD1-82D5-5D70-4368-944417D558E9}.Debug|Any CPU.ActiveCfg = Debug|Any CPU
		{06A59DD1-82D5-5D70-4368-944417D558E9}.Debug|Any CPU.Build.0 = Debug|Any CPU
		{06A59DD1-82D5-5D70-4368-944417D558E9}.Release|Any CPU.ActiveCfg = Release|Any CPU
		{06A59DD1-82D5-5D70-4368-944417D558E9}.Release|Any CPU.Build.0 = Release|Any CPU
		{6D3887E4-53DA-9716-F345-751C3346532C}.Debug|Any CPU.ActiveCfg = Debug|Any CPU
		{6D3887E4-53DA-9716-F345-751C3346532C}.Debug|Any CPU.Build.0 = Debug|Any CPU
		{6D3887E4-53DA-9716-F345-751C3346532C}.Release|Any CPU.ActiveCfg = Release|Any CPU
		{6D3887E4-53DA-9716-F345-751C3346532C}.Release|Any CPU.Build.0 = Release|Any CPU
		{FBB7FD11-D51F-8CF5-3319-63D935BA2CB3}.Debug|Any CPU.ActiveCfg = Debug|Any CPU
		{FBB7FD11-D51F-8CF5-3319-63D935BA2CB3}.Debug|Any CPU.Build.0 = Debug|Any CPU
		{FBB7FD11-D51F-8CF5-3319-63D935BA2CB3}.Release|Any CPU.ActiveCfg = Release|Any CPU
		{FBB7FD11-D51F-8CF5-3319-63D935BA2CB3}.Release|Any CPU.Build.0 = Release|Any CPU
		{33891B6A-E2B8-EF6D-8385-6A1C2ED4031D}.Debug|Any CPU.ActiveCfg = Debug|Any CPU
		{33891B6A-E2B8-EF6D-8385-6A1C2ED4031D}.Debug|Any CPU.Build.0 = Debug|Any CPU
		{33891B6A-E2B8-EF6D-8385-6A1C2ED4031D}.Release|Any CPU.ActiveCfg = Release|Any CPU
		{33891B6A-E2B8-EF6D-8385-6A1C2ED4031D}.Release|Any CPU.Build.0 = Release|Any CPU
		{2FCC3D1D-191D-D635-9B8E-39775A8C1145}.Debug|Any CPU.ActiveCfg = Debug|Any CPU
		{2FCC3D1D-191D-D635-9B8E-39775A8C1145}.Debug|Any CPU.Build.0 = Debug|Any CPU
		{2FCC3D1D-191D-D635-9B8E-39775A8C1145}.Release|Any CPU.ActiveCfg = Release|Any CPU
		{2FCC3D1D-191D-D635-9B8E-39775A8C1145}.Release|Any CPU.Build.0 = Release|Any CPU
		{5061F742-B61D-2097-61C9-790C78E47BD9}.Debug|Any CPU.ActiveCfg = Debug|Any CPU
		{5061F742-B61D-2097-61C9-790C78E47BD9}.Debug|Any CPU.Build.0 = Debug|Any CPU
		{5061F742-B61D-2097-61C9-790C78E47BD9}.Release|Any CPU.ActiveCfg = Release|Any CPU
		{5061F742-B61D-2097-61C9-790C78E47BD9}.Release|Any CPU.Build.0 = Release|Any CPU
		{25433564-D962-52A4-3103-2B2EAED37609}.Debug|Any CPU.ActiveCfg = Debug|Any CPU
		{25433564-D962-52A4-3103-2B2EAED37609}.Debug|Any CPU.Build.0 = Debug|Any CPU
		{25433564-D962-52A4-3103-2B2EAED37609}.Release|Any CPU.ActiveCfg = Release|Any CPU
		{25433564-D962-52A4-3103-2B2EAED37609}.Release|Any CPU.Build.0 = Release|Any CPU
		{50954DBD-5BB5-CD56-A6CC-D49B50F5C4A8}.Debug|Any CPU.ActiveCfg = Debug|Any CPU
		{50954DBD-5BB5-CD56-A6CC-D49B50F5C4A8}.Debug|Any CPU.Build.0 = Debug|Any CPU
		{50954DBD-5BB5-CD56-A6CC-D49B50F5C4A8}.Release|Any CPU.ActiveCfg = Release|Any CPU
		{50954DBD-5BB5-CD56-A6CC-D49B50F5C4A8}.Release|Any CPU.Build.0 = Release|Any CPU
		{83849EEC-24DD-4CA7-0B2A-65B9FCBB3E72}.Debug|Any CPU.ActiveCfg = Debug|Any CPU
		{83849EEC-24DD-4CA7-0B2A-65B9FCBB3E72}.Debug|Any CPU.Build.0 = Debug|Any CPU
		{83849EEC-24DD-4CA7-0B2A-65B9FCBB3E72}.Release|Any CPU.ActiveCfg = Release|Any CPU
		{83849EEC-24DD-4CA7-0B2A-65B9FCBB3E72}.Release|Any CPU.Build.0 = Release|Any CPU
		{3D18DBAF-A74F-6D49-F16C-0FE18EF88731}.Debug|Any CPU.ActiveCfg = Debug|Any CPU
		{3D18DBAF-A74F-6D49-F16C-0FE18EF88731}.Debug|Any CPU.Build.0 = Debug|Any CPU
		{3D18DBAF-A74F-6D49-F16C-0FE18EF88731}.Release|Any CPU.ActiveCfg = Release|Any CPU
		{3D18DBAF-A74F-6D49-F16C-0FE18EF88731}.Release|Any CPU.Build.0 = Release|Any CPU
		{9202F6DE-FF11-3D1D-D1E5-264AFCB7FB0C}.Debug|Any CPU.ActiveCfg = Debug|Any CPU
		{9202F6DE-FF11-3D1D-D1E5-264AFCB7FB0C}.Debug|Any CPU.Build.0 = Debug|Any CPU
		{9202F6DE-FF11-3D1D-D1E5-264AFCB7FB0C}.Release|Any CPU.ActiveCfg = Release|Any CPU
		{9202F6DE-FF11-3D1D-D1E5-264AFCB7FB0C}.Release|Any CPU.Build.0 = Release|Any CPU
		{05EB9F5A-DB16-0D00-E5CD-ABFB5C586E9F}.Debug|Any CPU.ActiveCfg = Debug|Any CPU
		{05EB9F5A-DB16-0D00-E5CD-ABFB5C586E9F}.Debug|Any CPU.Build.0 = Debug|Any CPU
		{05EB9F5A-DB16-0D00-E5CD-ABFB5C586E9F}.Release|Any CPU.ActiveCfg = Release|Any CPU
		{05EB9F5A-DB16-0D00-E5CD-ABFB5C586E9F}.Release|Any CPU.Build.0 = Release|Any CPU
		{5370DF9F-065A-8110-AD58-8ED4E91FF6F3}.Debug|Any CPU.ActiveCfg = Debug|Any CPU
		{5370DF9F-065A-8110-AD58-8ED4E91FF6F3}.Debug|Any CPU.Build.0 = Debug|Any CPU
		{5370DF9F-065A-8110-AD58-8ED4E91FF6F3}.Release|Any CPU.ActiveCfg = Release|Any CPU
		{5370DF9F-065A-8110-AD58-8ED4E91FF6F3}.Release|Any CPU.Build.0 = Release|Any CPU
		{0B6940E6-CC7D-3A37-69A7-B3A38BEBB610}.Debug|Any CPU.ActiveCfg = Debug|Any CPU
		{0B6940E6-CC7D-3A37-69A7-B3A38BEBB610}.Debug|Any CPU.Build.0 = Debug|Any CPU
		{0B6940E6-CC7D-3A37-69A7-B3A38BEBB610}.Release|Any CPU.ActiveCfg = Release|Any CPU
		{0B6940E6-CC7D-3A37-69A7-B3A38BEBB610}.Release|Any CPU.Build.0 = Release|Any CPU
		{7CCEE83E-72F9-A4E3-B908-4C3ECBF676AF}.Debug|Any CPU.ActiveCfg = Debug|Any CPU
		{7CCEE83E-72F9-A4E3-B908-4C3ECBF676AF}.Debug|Any CPU.Build.0 = Debug|Any CPU
		{7CCEE83E-72F9-A4E3-B908-4C3ECBF676AF}.Release|Any CPU.ActiveCfg = Release|Any CPU
		{7CCEE83E-72F9-A4E3-B908-4C3ECBF676AF}.Release|Any CPU.Build.0 = Release|Any CPU
		{ECF8955B-7483-38E4-03FF-E162963767F1}.Debug|Any CPU.ActiveCfg = Debug|Any CPU
		{ECF8955B-7483-38E4-03FF-E162963767F1}.Debug|Any CPU.Build.0 = Debug|Any CPU
		{ECF8955B-7483-38E4-03FF-E162963767F1}.Release|Any CPU.ActiveCfg = Release|Any CPU
		{ECF8955B-7483-38E4-03FF-E162963767F1}.Release|Any CPU.Build.0 = Release|Any CPU
		{9567C790-3047-7004-E1E0-307DEDD7F8BD}.Debug|Any CPU.ActiveCfg = Debug|Any CPU
		{9567C790-3047-7004-E1E0-307DEDD7F8BD}.Debug|Any CPU.Build.0 = Debug|Any CPU
		{9567C790-3047-7004-E1E0-307DEDD7F8BD}.Release|Any CPU.ActiveCfg = Release|Any CPU
		{9567C790-3047-7004-E1E0-307DEDD7F8BD}.Release|Any CPU.Build.0 = Release|Any CPU
		{1461784F-9020-9E1E-6947-390CC2159673}.Debug|Any CPU.ActiveCfg = Debug|Any CPU
		{1461784F-9020-9E1E-6947-390CC2159673}.Debug|Any CPU.Build.0 = Debug|Any CPU
		{1461784F-9020-9E1E-6947-390CC2159673}.Release|Any CPU.ActiveCfg = Release|Any CPU
		{1461784F-9020-9E1E-6947-390CC2159673}.Release|Any CPU.Build.0 = Release|Any CPU
		{464793DF-BC4C-3A94-6445-D2B72CEAF062}.Debug|Any CPU.ActiveCfg = Debug|Any CPU
		{464793DF-BC4C-3A94-6445-D2B72CEAF062}.Debug|Any CPU.Build.0 = Debug|Any CPU
		{464793DF-BC4C-3A94-6445-D2B72CEAF062}.Release|Any CPU.ActiveCfg = Release|Any CPU
		{464793DF-BC4C-3A94-6445-D2B72CEAF062}.Release|Any CPU.Build.0 = Release|Any CPU
		{0EE39CA4-F759-4BA6-4E41-375D6DB563D5}.Debug|Any CPU.ActiveCfg = Debug|Any CPU
		{0EE39CA4-F759-4BA6-4E41-375D6DB563D5}.Debug|Any CPU.Build.0 = Debug|Any CPU
		{0EE39CA4-F759-4BA6-4E41-375D6DB563D5}.Release|Any CPU.ActiveCfg = Release|Any CPU
		{0EE39CA4-F759-4BA6-4E41-375D6DB563D5}.Release|Any CPU.Build.0 = Release|Any CPU
		{7BDD23B5-E5CA-AF55-9EE9-563E215BBB72}.Debug|Any CPU.ActiveCfg = Debug|Any CPU
		{7BDD23B5-E5CA-AF55-9EE9-563E215BBB72}.Debug|Any CPU.Build.0 = Debug|Any CPU
		{7BDD23B5-E5CA-AF55-9EE9-563E215BBB72}.Release|Any CPU.ActiveCfg = Release|Any CPU
		{7BDD23B5-E5CA-AF55-9EE9-563E215BBB72}.Release|Any CPU.Build.0 = Release|Any CPU
		{19A39FBB-FB18-439C-B730-4A1AFCF2D0ED}.Debug|Any CPU.ActiveCfg = Debug|Any CPU
		{19A39FBB-FB18-439C-B730-4A1AFCF2D0ED}.Debug|Any CPU.Build.0 = Debug|Any CPU
		{19A39FBB-FB18-439C-B730-4A1AFCF2D0ED}.Release|Any CPU.ActiveCfg = Release|Any CPU
		{19A39FBB-FB18-439C-B730-4A1AFCF2D0ED}.Release|Any CPU.Build.0 = Release|Any CPU
		{5D4096B8-798A-81F3-D3BB-CD9E75563236}.Debug|Any CPU.ActiveCfg = Debug|Any CPU
		{5D4096B8-798A-81F3-D3BB-CD9E75563236}.Debug|Any CPU.Build.0 = Debug|Any CPU
		{5D4096B8-798A-81F3-D3BB-CD9E75563236}.Release|Any CPU.ActiveCfg = Release|Any CPU
		{5D4096B8-798A-81F3-D3BB-CD9E75563236}.Release|Any CPU.Build.0 = Release|Any CPU
		{C96F5EA4-86A4-B363-2128-7746D5F9F117}.Debug|Any CPU.ActiveCfg = Debug|Any CPU
		{C96F5EA4-86A4-B363-2128-7746D5F9F117}.Debug|Any CPU.Build.0 = Debug|Any CPU
		{C96F5EA4-86A4-B363-2128-7746D5F9F117}.Release|Any CPU.ActiveCfg = Release|Any CPU
		{C96F5EA4-86A4-B363-2128-7746D5F9F117}.Release|Any CPU.Build.0 = Release|Any CPU
		{99CDDB07-4931-BE3D-2C9E-FAA550C77D9E}.Debug|Any CPU.ActiveCfg = Debug|Any CPU
		{99CDDB07-4931-BE3D-2C9E-FAA550C77D9E}.Debug|Any CPU.Build.0 = Debug|Any CPU
		{99CDDB07-4931-BE3D-2C9E-FAA550C77D9E}.Release|Any CPU.ActiveCfg = Release|Any CPU
		{99CDDB07-4931-BE3D-2C9E-FAA550C77D9E}.Release|Any CPU.Build.0 = Release|Any CPU
		{860DEC35-CBDD-C454-D94F-A7849EB00BF7}.Debug|Any CPU.ActiveCfg = Debug|Any CPU
		{860DEC35-CBDD-C454-D94F-A7849EB00BF7}.Debug|Any CPU.Build.0 = Debug|Any CPU
		{860DEC35-CBDD-C454-D94F-A7849EB00BF7}.Release|Any CPU.ActiveCfg = Release|Any CPU
		{860DEC35-CBDD-C454-D94F-A7849EB00BF7}.Release|Any CPU.Build.0 = Release|Any CPU
		{77F9BEAC-BD8C-92B8-82B7-2305EF2DC5F0}.Debug|Any CPU.ActiveCfg = Debug|Any CPU
		{77F9BEAC-BD8C-92B8-82B7-2305EF2DC5F0}.Debug|Any CPU.Build.0 = Debug|Any CPU
		{77F9BEAC-BD8C-92B8-82B7-2305EF2DC5F0}.Release|Any CPU.ActiveCfg = Release|Any CPU
		{77F9BEAC-BD8C-92B8-82B7-2305EF2DC5F0}.Release|Any CPU.Build.0 = Release|Any CPU
		{CD1340FD-B583-A609-8C2F-B7545588639D}.Debug|Any CPU.ActiveCfg = Debug|Any CPU
		{CD1340FD-B583-A609-8C2F-B7545588639D}.Debug|Any CPU.Build.0 = Debug|Any CPU
		{CD1340FD-B583-A609-8C2F-B7545588639D}.Release|Any CPU.ActiveCfg = Release|Any CPU
		{CD1340FD-B583-A609-8C2F-B7545588639D}.Release|Any CPU.Build.0 = Release|Any CPU
		{A1E1707E-7364-B725-2DDC-BC8B1CB3464A}.Debug|Any CPU.ActiveCfg = Debug|Any CPU
		{A1E1707E-7364-B725-2DDC-BC8B1CB3464A}.Debug|Any CPU.Build.0 = Debug|Any CPU
		{A1E1707E-7364-B725-2DDC-BC8B1CB3464A}.Release|Any CPU.ActiveCfg = Release|Any CPU
		{A1E1707E-7364-B725-2DDC-BC8B1CB3464A}.Release|Any CPU.Build.0 = Release|Any CPU
		{CFB07EF5-ABFF-00A7-FA8F-4A89A44FAA01}.Debug|Any CPU.ActiveCfg = Debug|Any CPU
		{CFB07EF5-ABFF-00A7-FA8F-4A89A44FAA01}.Debug|Any CPU.Build.0 = Debug|Any CPU
		{CFB07EF5-ABFF-00A7-FA8F-4A89A44FAA01}.Release|Any CPU.ActiveCfg = Release|Any CPU
		{CFB07EF5-ABFF-00A7-FA8F-4A89A44FAA01}.Release|Any CPU.Build.0 = Release|Any CPU
		{0222B1F8-CF95-77CD-25E6-CC18A09BA1DF}.Debug|Any CPU.ActiveCfg = Debug|Any CPU
		{0222B1F8-CF95-77CD-25E6-CC18A09BA1DF}.Debug|Any CPU.Build.0 = Debug|Any CPU
		{0222B1F8-CF95-77CD-25E6-CC18A09BA1DF}.Release|Any CPU.ActiveCfg = Release|Any CPU
		{0222B1F8-CF95-77CD-25E6-CC18A09BA1DF}.Release|Any CPU.Build.0 = Release|Any CPU
		{C5A99665-D050-27F2-3E33-7807638B6EA5}.Debug|Any CPU.ActiveCfg = Debug|Any CPU
		{C5A99665-D050-27F2-3E33-7807638B6EA5}.Debug|Any CPU.Build.0 = Debug|Any CPU
		{C5A99665-D050-27F2-3E33-7807638B6EA5}.Release|Any CPU.ActiveCfg = Release|Any CPU
		{C5A99665-D050-27F2-3E33-7807638B6EA5}.Release|Any CPU.Build.0 = Release|Any CPU
		{4E5EF10A-F82B-7F5A-354D-C7D12B611D4D}.Debug|Any CPU.ActiveCfg = Debug|Any CPU
		{4E5EF10A-F82B-7F5A-354D-C7D12B611D4D}.Debug|Any CPU.Build.0 = Debug|Any CPU
		{4E5EF10A-F82B-7F5A-354D-C7D12B611D4D}.Release|Any CPU.ActiveCfg = Release|Any CPU
		{4E5EF10A-F82B-7F5A-354D-C7D12B611D4D}.Release|Any CPU.Build.0 = Release|Any CPU
		{79CF9890-5224-4998-9A1A-88DD6C493BBE}.Debug|Any CPU.ActiveCfg = Debug|Any CPU
		{79CF9890-5224-4998-9A1A-88DD6C493BBE}.Debug|Any CPU.Build.0 = Debug|Any CPU
		{79CF9890-5224-4998-9A1A-88DD6C493BBE}.Release|Any CPU.ActiveCfg = Release|Any CPU
		{79CF9890-5224-4998-9A1A-88DD6C493BBE}.Release|Any CPU.Build.0 = Release|Any CPU
		{492714B7-B491-DCD9-8753-32663874F71C}.Debug|Any CPU.ActiveCfg = Debug|Any CPU
		{492714B7-B491-DCD9-8753-32663874F71C}.Debug|Any CPU.Build.0 = Debug|Any CPU
		{492714B7-B491-DCD9-8753-32663874F71C}.Release|Any CPU.ActiveCfg = Release|Any CPU
		{492714B7-B491-DCD9-8753-32663874F71C}.Release|Any CPU.Build.0 = Release|Any CPU
		{B8DCE79F-3716-0F01-1CD8-B563048E75B2}.Debug|Any CPU.ActiveCfg = Debug|Any CPU
		{B8DCE79F-3716-0F01-1CD8-B563048E75B2}.Debug|Any CPU.Build.0 = Debug|Any CPU
		{B8DCE79F-3716-0F01-1CD8-B563048E75B2}.Release|Any CPU.ActiveCfg = Release|Any CPU
		{B8DCE79F-3716-0F01-1CD8-B563048E75B2}.Release|Any CPU.Build.0 = Release|Any CPU
		{1A20CC9E-68F2-18B5-C9B4-CCF3C35FA860}.Debug|Any CPU.ActiveCfg = Debug|Any CPU
		{1A20CC9E-68F2-18B5-C9B4-CCF3C35FA860}.Debug|Any CPU.Build.0 = Debug|Any CPU
		{1A20CC9E-68F2-18B5-C9B4-CCF3C35FA860}.Release|Any CPU.ActiveCfg = Release|Any CPU
		{1A20CC9E-68F2-18B5-C9B4-CCF3C35FA860}.Release|Any CPU.Build.0 = Release|Any CPU
		{7DA774BF-EB8C-E6D9-2723-66D0F8A93138}.Debug|Any CPU.ActiveCfg = Debug|Any CPU
		{7DA774BF-EB8C-E6D9-2723-66D0F8A93138}.Debug|Any CPU.Build.0 = Debug|Any CPU
		{7DA774BF-EB8C-E6D9-2723-66D0F8A93138}.Release|Any CPU.ActiveCfg = Release|Any CPU
		{7DA774BF-EB8C-E6D9-2723-66D0F8A93138}.Release|Any CPU.Build.0 = Release|Any CPU
		{70A890D5-E5AF-32E3-474C-25124F99F910}.Debug|Any CPU.ActiveCfg = Debug|Any CPU
		{70A890D5-E5AF-32E3-474C-25124F99F910}.Debug|Any CPU.Build.0 = Debug|Any CPU
		{70A890D5-E5AF-32E3-474C-25124F99F910}.Release|Any CPU.ActiveCfg = Release|Any CPU
		{70A890D5-E5AF-32E3-474C-25124F99F910}.Release|Any CPU.Build.0 = Release|Any CPU
		{E4E5D9DC-1020-BD51-3070-5935BB0AD5EC}.Debug|Any CPU.ActiveCfg = Debug|Any CPU
		{E4E5D9DC-1020-BD51-3070-5935BB0AD5EC}.Debug|Any CPU.Build.0 = Debug|Any CPU
		{E4E5D9DC-1020-BD51-3070-5935BB0AD5EC}.Release|Any CPU.ActiveCfg = Release|Any CPU
		{E4E5D9DC-1020-BD51-3070-5935BB0AD5EC}.Release|Any CPU.Build.0 = Release|Any CPU
		{A62D78E2-272E-1DB9-FB4A-8FCA717C27F6}.Debug|Any CPU.ActiveCfg = Debug|Any CPU
		{A62D78E2-272E-1DB9-FB4A-8FCA717C27F6}.Debug|Any CPU.Build.0 = Debug|Any CPU
		{A62D78E2-272E-1DB9-FB4A-8FCA717C27F6}.Release|Any CPU.ActiveCfg = Release|Any CPU
		{A62D78E2-272E-1DB9-FB4A-8FCA717C27F6}.Release|Any CPU.Build.0 = Release|Any CPU
		{C9701C79-2AB9-F908-2F15-7880DA975621}.Debug|Any CPU.ActiveCfg = Debug|Any CPU
		{C9701C79-2AB9-F908-2F15-7880DA975621}.Debug|Any CPU.Build.0 = Debug|Any CPU
		{C9701C79-2AB9-F908-2F15-7880DA975621}.Release|Any CPU.ActiveCfg = Release|Any CPU
		{C9701C79-2AB9-F908-2F15-7880DA975621}.Release|Any CPU.Build.0 = Release|Any CPU
		{72E37E28-1C6D-604A-E278-37F002545CF2}.Debug|Any CPU.ActiveCfg = Debug|Any CPU
		{72E37E28-1C6D-604A-E278-37F002545CF2}.Debug|Any CPU.Build.0 = Debug|Any CPU
		{72E37E28-1C6D-604A-E278-37F002545CF2}.Release|Any CPU.ActiveCfg = Release|Any CPU
		{72E37E28-1C6D-604A-E278-37F002545CF2}.Release|Any CPU.Build.0 = Release|Any CPU
		{D93C9891-084F-A514-83BC-4A2CE5E51EBF}.Debug|Any CPU.ActiveCfg = Debug|Any CPU
		{D93C9891-084F-A514-83BC-4A2CE5E51EBF}.Debug|Any CPU.Build.0 = Debug|Any CPU
		{D93C9891-084F-A514-83BC-4A2CE5E51EBF}.Release|Any CPU.ActiveCfg = Release|Any CPU
		{D93C9891-084F-A514-83BC-4A2CE5E51EBF}.Release|Any CPU.Build.0 = Release|Any CPU
		{905D18CE-0704-514C-E757-664D1DE5D3CD}.Debug|Any CPU.ActiveCfg = Debug|Any CPU
		{905D18CE-0704-514C-E757-664D1DE5D3CD}.Debug|Any CPU.Build.0 = Debug|Any CPU
		{905D18CE-0704-514C-E757-664D1DE5D3CD}.Release|Any CPU.ActiveCfg = Release|Any CPU
		{905D18CE-0704-514C-E757-664D1DE5D3CD}.Release|Any CPU.Build.0 = Release|Any CPU
		{1AD2B288-AF17-3EB0-1E30-AE3104634D78}.Debug|Any CPU.ActiveCfg = Debug|Any CPU
		{1AD2B288-AF17-3EB0-1E30-AE3104634D78}.Debug|Any CPU.Build.0 = Debug|Any CPU
		{1AD2B288-AF17-3EB0-1E30-AE3104634D78}.Release|Any CPU.ActiveCfg = Release|Any CPU
		{1AD2B288-AF17-3EB0-1E30-AE3104634D78}.Release|Any CPU.Build.0 = Release|Any CPU
		{E966B33E-BDA3-C90C-01F5-0F09DF583CA3}.Debug|Any CPU.ActiveCfg = Debug|Any CPU
		{E966B33E-BDA3-C90C-01F5-0F09DF583CA3}.Debug|Any CPU.Build.0 = Debug|Any CPU
		{E966B33E-BDA3-C90C-01F5-0F09DF583CA3}.Release|Any CPU.ActiveCfg = Release|Any CPU
		{E966B33E-BDA3-C90C-01F5-0F09DF583CA3}.Release|Any CPU.Build.0 = Release|Any CPU
	EndGlobalSection
	GlobalSection(SolutionProperties) = preSolution
		HideSolutionNode = FALSE
	EndGlobalSection
EndGlobal
