
Microsoft Visual Studio Solution File, Format Version 12.00
# Visual Studio 15
Project("{FAE04EC0-301F-11D3-BF4B-00C04F79EFBC}") = "Meta.WitAi.Conduit", "Meta.WitAi.Conduit.csproj", "{3B52409E-656E-7AC4-8BB0-5BB1872005EA}"
EndProject
Project("{FAE04EC0-301F-11D3-BF4B-00C04F79EFBC}") = "Oculus.VR", "Oculus.VR.csproj", "{70B6CE9D-F612-32F5-6029-DBC35C6A4F6C}"
EndProject
Project("{FAE04EC0-301F-11D3-BF4B-00C04F79EFBC}") = "Oculus.Interaction", "Oculus.Interaction.csproj", "{99E75691-4650-D8B4-F794-3BE929973173}"
EndProject
Project("{FAE04EC0-301F-11D3-BF4B-00C04F79EFBC}") = "Oculus.Interaction.Editor", "Oculus.Interaction.Editor.csproj", "{DF1AAEDD-B246-249A-0F2E-C42A43EA6A6F}"
EndProject
Project("{FAE04EC0-301F-11D3-BF4B-00C04F79EFBC}") = "Oculus.Platform", "Oculus.Platform.csproj", "{71333600-EFF3-052C-946A-6BD9A7DC1A99}"
EndProject
Project("{FAE04EC0-301F-11D3-BF4B-00C04F79EFBC}") = "VoiceSDK.Telemetry", "VoiceSDK.Telemetry.csproj", "{96909E3B-BE60-3C91-7FF4-799EF3800056}"
EndProject
Project("{FAE04EC0-301F-11D3-BF4B-00C04F79EFBC}") = "Assembly-CSharp", "Assembly-CSharp.csproj", "{BCB425CF-77C7-36DE-C3E1-C2B04DC189BB}"
EndProject
Project("{FAE04EC0-301F-11D3-BF4B-00C04F79EFBC}") = "Oculus.Interaction.OVR.Samples", "Oculus.Interaction.OVR.Samples.csproj", "{3F0E309A-59E9-AD38-2A45-92490BC6CE89}"
EndProject
Project("{FAE04EC0-301F-11D3-BF4B-00C04F79EFBC}") = "Meta.WitAi.Lib", "Meta.WitAi.Lib.csproj", "{E8C89A96-1901-5651-AF85-B66F670DD2CF}"
EndProject
Project("{FAE04EC0-301F-11D3-BF4B-00C04F79EFBC}") = "Meta.WitAi.Editor", "Meta.WitAi.Editor.csproj", "{54F10D53-88CE-4E36-2F0C-0413DB5889D7}"
EndProject
Project("{FAE04EC0-301F-11D3-BF4B-00C04F79EFBC}") = "Meta.WitAi.Conduit.Editor", "Meta.WitAi.Conduit.Editor.csproj", "{1E621A53-F4F4-2617-000B-DAD4447902BB}"
EndProject
Project("{FAE04EC0-301F-11D3-BF4B-00C04F79EFBC}") = "Meta.WitAi", "Meta.WitAi.csproj", "{002D891B-CD56-9212-57DF-8157C69A4386}"
EndProject
Project("{FAE04EC0-301F-11D3-BF4B-00C04F79EFBC}") = "Oculus.VR.Editor", "Oculus.VR.Editor.csproj", "{3F961CBF-BA07-BC42-778D-E74A2EA57462}"
EndProject
Project("{FAE04EC0-301F-11D3-BF4B-00C04F79EFBC}") = "Oculus.Interaction.OVR.Editor", "Oculus.Interaction.OVR.Editor.csproj", "{0DF19791-8F80-5055-4442-7ACB9DE54187}"
EndProject
Project("{FAE04EC0-301F-11D3-BF4B-00C04F79EFBC}") = "Oculus.LipSync", "Oculus.LipSync.csproj", "{A6E5516C-E4A9-3AEC-9609-6E57A05806F2}"
EndProject
Project("{FAE04EC0-301F-11D3-BF4B-00C04F79EFBC}") = "Oculus.Interaction.OVR", "Oculus.Interaction.OVR.csproj", "{5F55CA05-B2BD-ABAE-5433-3F38F1C971B9}"
EndProject
Project("{FAE04EC0-301F-11D3-BF4B-00C04F79EFBC}") = "VoiceSDK.Editor", "VoiceSDK.Editor.csproj", "{BCDAE82A-42F9-84A7-C702-34F16F9A7748}"
EndProject
Project("{FAE04EC0-301F-11D3-BF4B-00C04F79EFBC}") = "Meta.WitAI.Lib.Editor", "Meta.WitAI.Lib.Editor.csproj", "{672A889D-3972-EAB4-6B79-46877A152A5C}"
EndProject
Project("{FAE04EC0-301F-11D3-BF4B-00C04F79EFBC}") = "Oculus.AudioManager", "Oculus.AudioManager.csproj", "{3B880A16-2DD2-7D68-02B6-50203807EA4B}"
EndProject
Project("{FAE04EC0-301F-11D3-BF4B-00C04F79EFBC}") = "Meta.Voice.Samples.BuiltInTimer", "Meta.Voice.Samples.BuiltInTimer.csproj", "{809FB9C3-3BC1-7F83-EFC0-0D6C353B195B}"
EndProject
Project("{FAE04EC0-301F-11D3-BF4B-00C04F79EFBC}") = "Meta.XR.BuildingBlocks.Editor", "Meta.XR.BuildingBlocks.Editor.csproj", "{40608A6F-EC18-0189-8950-D046730CFD43}"
EndProject
Project("{FAE04EC0-301F-11D3-BF4B-00C04F79EFBC}") = "Meta.Voice.VSDKHub.Editor", "Meta.Voice.VSDKHub.Editor.csproj", "{0F2B4BDF-BF13-A92B-B6DE-728C23EF4425}"
EndProject
Project("{FAE04EC0-301F-11D3-BF4B-00C04F79EFBC}") = "VoiceSDK.Dictation.Runtime", "VoiceSDK.Dictation.Runtime.csproj", "{95969085-06CA-2276-E8B6-71ABA5B18DD2}"
EndProject
Project("{FAE04EC0-301F-11D3-BF4B-00C04F79EFBC}") = "Meta.WitAi.TTS", "Meta.WitAi.TTS.csproj", "{E7D8505E-4A49-3C9B-15CC-D3A3883DA0B4}"
EndProject
Project("{FAE04EC0-301F-11D3-BF4B-00C04F79EFBC}") = "AssistantCoreSDKRuntime", "AssistantCoreSDKRuntime.csproj", "{16246EA1-4790-0CE4-6F7F-FBC6F68D6C88}"
EndProject
Project("{FAE04EC0-301F-11D3-BF4B-00C04F79EFBC}") = "Assembly-CSharp-Editor", "Assembly-CSharp-Editor.csproj", "{88B5A8B1-C718-CF81-79AA-4018E819F44B}"
EndProject
Project("{FAE04EC0-301F-11D3-BF4B-00C04F79EFBC}") = "Meta.Voice.Samples.TTSVoices", "Meta.Voice.Samples.TTSVoices.csproj", "{66491291-2E50-D4D4-FF1C-3C9A764C4E67}"
EndProject
Project("{FAE04EC0-301F-11D3-BF4B-00C04F79EFBC}") = "VoiceSDK.Runtime", "VoiceSDK.Runtime.csproj", "{A977DF84-7D06-46BB-E9A8-86E78A041899}"
EndProject
Project("{FAE04EC0-301F-11D3-BF4B-00C04F79EFBC}") = "Oculus.VR.Scripts.Editor", "Oculus.VR.Scripts.Editor.csproj", "{28F744D9-8A55-E4C4-25D2-1C1D7DD1AF76}"
EndProject
Project("{FAE04EC0-301F-11D3-BF4B-00C04F79EFBC}") = "Meta.Voice.Samples.LightTraits", "Meta.Voice.Samples.LightTraits.csproj", "{060D05A0-DD05-9119-2CA0-B260CEDE1798}"
EndProject
Project("{FAE04EC0-301F-11D3-BF4B-00C04F79EFBC}") = "Meta.Voice.Hub.Editor", "Meta.Voice.Hub.Editor.csproj", "{0469B207-4262-853C-51AB-5F43F5FD1166}"
EndProject
Project("{FAE04EC0-301F-11D3-BF4B-00C04F79EFBC}") = "Oculus.Interaction.Samples.Editor", "Oculus.Interaction.Samples.Editor.csproj", "{1E2AA5D8-EF80-EEDB-7FA7-41791C878FF3}"
EndProject
Project("{FAE04EC0-301F-11D3-BF4B-00C04F79EFBC}") = "Meta.WitAi.TTS.Editor", "Meta.WitAi.TTS.Editor.csproj", "{D395E54C-AC41-7106-9669-8965EC625D87}"
EndProject
Project("{FAE04EC0-301F-11D3-BF4B-00C04F79EFBC}") = "Meta.XR.BuildingBlocks", "Meta.XR.BuildingBlocks.csproj", "{EF38087A-4789-944F-F160-1387B33A617A}"
EndProject
Project("{FAE04EC0-301F-11D3-BF4B-00C04F79EFBC}") = "Oculus.Platform.Editor", "Oculus.Platform.Editor.csproj", "{53DA1CFD-136D-1921-C54A-0EEDD3449FDA}"
EndProject
Project("{FAE04EC0-301F-11D3-BF4B-00C04F79EFBC}") = "Facebook.Wit.Dictation", "Facebook.Wit.Dictation.csproj", "{737D94FA-DC92-A2B2-C6B2-2A8ED7EED437}"
EndProject
Project("{FAE04EC0-301F-11D3-BF4B-00C04F79EFBC}") = "Oculus.Spatializer.Editor", "Oculus.Spatializer.Editor.csproj", "{0E043024-3D8D-15C5-F8D7-9ED3A5AEE1AE}"
EndProject
Project("{FAE04EC0-301F-11D3-BF4B-00C04F79EFBC}") = "Oculus.LipSync.Editor", "Oculus.LipSync.Editor.csproj", "{7ADA31A7-2A3F-92C9-9041-EE71D54E8466}"
EndProject
Project("{FAE04EC0-301F-11D3-BF4B-00C04F79EFBC}") = "Oculus.AudioManager.Utils.Editor", "Oculus.AudioManager.Utils.Editor.csproj", "{33D633B4-9D85-CE16-412D-D7354E5A46A5}"
EndProject
Project("{FAE04EC0-301F-11D3-BF4B-00C04F79EFBC}") = "Meta.VoiceSDK.Mic.Common", "Meta.VoiceSDK.Mic.Common.csproj", "{9A8E34F6-BD8B-6237-8945-450FE121B069}"
EndProject
Project("{FAE04EC0-301F-11D3-BF4B-00C04F79EFBC}") = "Meta.Voice.Samples.ShapesConduit", "Meta.Voice.Samples.ShapesConduit.csproj", "{17E8BF14-4A85-1468-D352-F267AF0A4897}"
EndProject
Project("{FAE04EC0-301F-11D3-BF4B-00C04F79EFBC}") = "Oculus.Spatializer", "Oculus.Spatializer.csproj", "{C9BC57C6-DFAD-6E89-D4B7-41AE23CE70D8}"
EndProject
Project("{FAE04EC0-301F-11D3-BF4B-00C04F79EFBC}") = "Meta.VoiceSDK.Mic.Other", "Meta.VoiceSDK.Mic.Other.csproj", "{80180101-9DE4-FB6F-D1E7-556C03884DDF}"
EndProject
Project("{FAE04EC0-301F-11D3-BF4B-00C04F79EFBC}") = "Oculus.Interaction.InterfaceSupport", "Oculus.Interaction.InterfaceSupport.csproj", "{76D57ADE-B4A9-512E-F2B3-494C4E14DB80}"
EndProject
Project("{FAE04EC0-301F-11D3-BF4B-00C04F79EFBC}") = "Oculus.AudioManager.Audio.Editor", "Oculus.AudioManager.Audio.Editor.csproj", "{F771790C-063B-B94A-3F81-8016036D4B2D}"
EndProject
Project("{FAE04EC0-301F-11D3-BF4B-00C04F79EFBC}") = "Meta.Voice.Samples.LiveUnderstanding", "Meta.Voice.Samples.LiveUnderstanding.csproj", "{A16F4EE6-A0C0-C42A-560A-B551C7D28CC8}"
EndProject
Project("{FAE04EC0-301F-11D3-BF4B-00C04F79EFBC}") = "VoiceSDK.Dictation.Editor", "VoiceSDK.Dictation.Editor.csproj", "{2470A643-205B-B13E-9BFF-2A6ABAB65E07}"
EndProject
Project("{FAE04EC0-301F-11D3-BF4B-00C04F79EFBC}") = "AssistantCoreSDKEditor", "AssistantCoreSDKEditor.csproj", "{04156D9F-C96D-0271-021F-D473C7F544BC}"
EndProject
Project("{FAE04EC0-301F-11D3-BF4B-00C04F79EFBC}") = "Meta.VoiceSDK.Mic.WebGL", "Meta.VoiceSDK.Mic.WebGL.csproj", "{33A24D98-11E5-5533-7FBF-16E1993ED7EB}"
EndProject
Project("{FAE04EC0-301F-11D3-BF4B-00C04F79EFBC}") = "Meta.Voice.Hub.Runtime", "Meta.Voice.Hub.Runtime.csproj", "{A0CAC193-C0FB-A04A-9476-58EA50A7AADE}"
EndProject
Project("{FAE04EC0-301F-11D3-BF4B-00C04F79EFBC}") = "Meta.Voice.Samples.Chess", "Meta.Voice.Samples.Chess.csproj", "{A5702D75-950E-C811-50FB-1287560D0B37}"
EndProject
Project("{FAE04EC0-301F-11D3-BF4B-00C04F79EFBC}") = "Meta.Voice.Samples.Dictation", "Meta.Voice.Samples.Dictation.csproj", "{76790625-5E69-A1BC-9D73-A4CD9978015A}"
EndProject
Project("{FAE04EC0-301F-11D3-BF4B-00C04F79EFBC}") = "Meta.Voice.Samples.Shapes", "Meta.Voice.Samples.Shapes.csproj", "{DF2D1B13-49FF-85C4-4AE7-468E0A99956E}"
EndProject
Project("{FAE04EC0-301F-11D3-BF4B-00C04F79EFBC}") = "Facebook.Wit.Dictation.Editor", "Facebook.Wit.Dictation.Editor.csproj", "{3D2B48B7-1C34-571F-4844-01B21A0F6B67}"
EndProject
Global
	GlobalSection(SolutionConfigurationPlatforms) = preSolution
		Debug|Any CPU = Debug|Any CPU
		Release|Any CPU = Release|Any CPU
	EndGlobalSection
	GlobalSection(ProjectConfigurationPlatforms) = postSolution
		{3B52409E-656E-7AC4-8BB0-5BB1872005EA}.Debug|Any CPU.ActiveCfg = Debug|Any CPU
		{3B52409E-656E-7AC4-8BB0-5BB1872005EA}.Debug|Any CPU.Build.0 = Debug|Any CPU
		{3B52409E-656E-7AC4-8BB0-5BB1872005EA}.Release|Any CPU.ActiveCfg = Release|Any CPU
		{3B52409E-656E-7AC4-8BB0-5BB1872005EA}.Release|Any CPU.Build.0 = Release|Any CPU
		{70B6CE9D-F612-32F5-6029-DBC35C6A4F6C}.Debug|Any CPU.ActiveCfg = Debug|Any CPU
		{70B6CE9D-F612-32F5-6029-DBC35C6A4F6C}.Debug|Any CPU.Build.0 = Debug|Any CPU
		{70B6CE9D-F612-32F5-6029-DBC35C6A4F6C}.Release|Any CPU.ActiveCfg = Release|Any CPU
		{70B6CE9D-F612-32F5-6029-DBC35C6A4F6C}.Release|Any CPU.Build.0 = Release|Any CPU
		{99E75691-4650-D8B4-F794-3BE929973173}.Debug|Any CPU.ActiveCfg = Debug|Any CPU
		{99E75691-4650-D8B4-F794-3BE929973173}.Debug|Any CPU.Build.0 = Debug|Any CPU
		{99E75691-4650-D8B4-F794-3BE929973173}.Release|Any CPU.ActiveCfg = Release|Any CPU
		{99E75691-4650-D8B4-F794-3BE929973173}.Release|Any CPU.Build.0 = Release|Any CPU
		{DF1AAEDD-B246-249A-0F2E-C42A43EA6A6F}.Debug|Any CPU.ActiveCfg = Debug|Any CPU
		{DF1AAEDD-B246-249A-0F2E-C42A43EA6A6F}.Debug|Any CPU.Build.0 = Debug|Any CPU
		{DF1AAEDD-B246-249A-0F2E-C42A43EA6A6F}.Release|Any CPU.ActiveCfg = Release|Any CPU
		{DF1AAEDD-B246-249A-0F2E-C42A43EA6A6F}.Release|Any CPU.Build.0 = Release|Any CPU
		{71333600-EFF3-052C-946A-6BD9A7DC1A99}.Debug|Any CPU.ActiveCfg = Debug|Any CPU
		{71333600-EFF3-052C-946A-6BD9A7DC1A99}.Debug|Any CPU.Build.0 = Debug|Any CPU
		{71333600-EFF3-052C-946A-6BD9A7DC1A99}.Release|Any CPU.ActiveCfg = Release|Any CPU
		{71333600-EFF3-052C-946A-6BD9A7DC1A99}.Release|Any CPU.Build.0 = Release|Any CPU
		{96909E3B-BE60-3C91-7FF4-799EF3800056}.Debug|Any CPU.ActiveCfg = Debug|Any CPU
		{96909E3B-BE60-3C91-7FF4-799EF3800056}.Debug|Any CPU.Build.0 = Debug|Any CPU
		{96909E3B-BE60-3C91-7FF4-799EF3800056}.Release|Any CPU.ActiveCfg = Release|Any CPU
		{96909E3B-BE60-3C91-7FF4-799EF3800056}.Release|Any CPU.Build.0 = Release|Any CPU
		{BCB425CF-77C7-36DE-C3E1-C2B04DC189BB}.Debug|Any CPU.ActiveCfg = Debug|Any CPU
		{BCB425CF-77C7-36DE-C3E1-C2B04DC189BB}.Debug|Any CPU.Build.0 = Debug|Any CPU
		{BCB425CF-77C7-36DE-C3E1-C2B04DC189BB}.Release|Any CPU.ActiveCfg = Release|Any CPU
		{BCB425CF-77C7-36DE-C3E1-C2B04DC189BB}.Release|Any CPU.Build.0 = Release|Any CPU
		{3F0E309A-59E9-AD38-2A45-92490BC6CE89}.Debug|Any CPU.ActiveCfg = Debug|Any CPU
		{3F0E309A-59E9-AD38-2A45-92490BC6CE89}.Debug|Any CPU.Build.0 = Debug|Any CPU
		{3F0E309A-59E9-AD38-2A45-92490BC6CE89}.Release|Any CPU.ActiveCfg = Release|Any CPU
		{3F0E309A-59E9-AD38-2A45-92490BC6CE89}.Release|Any CPU.Build.0 = Release|Any CPU
		{E8C89A96-1901-5651-AF85-B66F670DD2CF}.Debug|Any CPU.ActiveCfg = Debug|Any CPU
		{E8C89A96-1901-5651-AF85-B66F670DD2CF}.Debug|Any CPU.Build.0 = Debug|Any CPU
		{E8C89A96-1901-5651-AF85-B66F670DD2CF}.Release|Any CPU.ActiveCfg = Release|Any CPU
		{E8C89A96-1901-5651-AF85-B66F670DD2CF}.Release|Any CPU.Build.0 = Release|Any CPU
		{54F10D53-88CE-4E36-2F0C-0413DB5889D7}.Debug|Any CPU.ActiveCfg = Debug|Any CPU
		{54F10D53-88CE-4E36-2F0C-0413DB5889D7}.Debug|Any CPU.Build.0 = Debug|Any CPU
		{54F10D53-88CE-4E36-2F0C-0413DB5889D7}.Release|Any CPU.ActiveCfg = Release|Any CPU
		{54F10D53-88CE-4E36-2F0C-0413DB5889D7}.Release|Any CPU.Build.0 = Release|Any CPU
		{1E621A53-F4F4-2617-000B-DAD4447902BB}.Debug|Any CPU.ActiveCfg = Debug|Any CPU
		{1E621A53-F4F4-2617-000B-DAD4447902BB}.Debug|Any CPU.Build.0 = Debug|Any CPU
		{1E621A53-F4F4-2617-000B-DAD4447902BB}.Release|Any CPU.ActiveCfg = Release|Any CPU
		{1E621A53-F4F4-2617-000B-DAD4447902BB}.Release|Any CPU.Build.0 = Release|Any CPU
		{002D891B-CD56-9212-57DF-8157C69A4386}.Debug|Any CPU.ActiveCfg = Debug|Any CPU
		{002D891B-CD56-9212-57DF-8157C69A4386}.Debug|Any CPU.Build.0 = Debug|Any CPU
		{002D891B-CD56-9212-57DF-8157C69A4386}.Release|Any CPU.ActiveCfg = Release|Any CPU
		{002D891B-CD56-9212-57DF-8157C69A4386}.Release|Any CPU.Build.0 = Release|Any CPU
		{3F961CBF-BA07-BC42-778D-E74A2EA57462}.Debug|Any CPU.ActiveCfg = Debug|Any CPU
		{3F961CBF-BA07-BC42-778D-E74A2EA57462}.Debug|Any CPU.Build.0 = Debug|Any CPU
		{3F961CBF-BA07-BC42-778D-E74A2EA57462}.Release|Any CPU.ActiveCfg = Release|Any CPU
		{3F961CBF-BA07-BC42-778D-E74A2EA57462}.Release|Any CPU.Build.0 = Release|Any CPU
		{0DF19791-8F80-5055-4442-7ACB9DE54187}.Debug|Any CPU.ActiveCfg = Debug|Any CPU
		{0DF19791-8F80-5055-4442-7ACB9DE54187}.Debug|Any CPU.Build.0 = Debug|Any CPU
		{0DF19791-8F80-5055-4442-7ACB9DE54187}.Release|Any CPU.ActiveCfg = Release|Any CPU
		{0DF19791-8F80-5055-4442-7ACB9DE54187}.Release|Any CPU.Build.0 = Release|Any CPU
		{A6E5516C-E4A9-3AEC-9609-6E57A05806F2}.Debug|Any CPU.ActiveCfg = Debug|Any CPU
		{A6E5516C-E4A9-3AEC-9609-6E57A05806F2}.Debug|Any CPU.Build.0 = Debug|Any CPU
		{A6E5516C-E4A9-3AEC-9609-6E57A05806F2}.Release|Any CPU.ActiveCfg = Release|Any CPU
		{A6E5516C-E4A9-3AEC-9609-6E57A05806F2}.Release|Any CPU.Build.0 = Release|Any CPU
		{5F55CA05-B2BD-ABAE-5433-3F38F1C971B9}.Debug|Any CPU.ActiveCfg = Debug|Any CPU
		{5F55CA05-B2BD-ABAE-5433-3F38F1C971B9}.Debug|Any CPU.Build.0 = Debug|Any CPU
		{5F55CA05-B2BD-ABAE-5433-3F38F1C971B9}.Release|Any CPU.ActiveCfg = Release|Any CPU
		{5F55CA05-B2BD-ABAE-5433-3F38F1C971B9}.Release|Any CPU.Build.0 = Release|Any CPU
		{BCDAE82A-42F9-84A7-C702-34F16F9A7748}.Debug|Any CPU.ActiveCfg = Debug|Any CPU
		{BCDAE82A-42F9-84A7-C702-34F16F9A7748}.Debug|Any CPU.Build.0 = Debug|Any CPU
		{BCDAE82A-42F9-84A7-C702-34F16F9A7748}.Release|Any CPU.ActiveCfg = Release|Any CPU
		{BCDAE82A-42F9-84A7-C702-34F16F9A7748}.Release|Any CPU.Build.0 = Release|Any CPU
		{672A889D-3972-EAB4-6B79-46877A152A5C}.Debug|Any CPU.ActiveCfg = Debug|Any CPU
		{672A889D-3972-EAB4-6B79-46877A152A5C}.Debug|Any CPU.Build.0 = Debug|Any CPU
		{672A889D-3972-EAB4-6B79-46877A152A5C}.Release|Any CPU.ActiveCfg = Release|Any CPU
		{672A889D-3972-EAB4-6B79-46877A152A5C}.Release|Any CPU.Build.0 = Release|Any CPU
		{3B880A16-2DD2-7D68-02B6-50203807EA4B}.Debug|Any CPU.ActiveCfg = Debug|Any CPU
		{3B880A16-2DD2-7D68-02B6-50203807EA4B}.Debug|Any CPU.Build.0 = Debug|Any CPU
		{3B880A16-2DD2-7D68-02B6-50203807EA4B}.Release|Any CPU.ActiveCfg = Release|Any CPU
		{3B880A16-2DD2-7D68-02B6-50203807EA4B}.Release|Any CPU.Build.0 = Release|Any CPU
		{809FB9C3-3BC1-7F83-EFC0-0D6C353B195B}.Debug|Any CPU.ActiveCfg = Debug|Any CPU
		{809FB9C3-3BC1-7F83-EFC0-0D6C353B195B}.Debug|Any CPU.Build.0 = Debug|Any CPU
		{809FB9C3-3BC1-7F83-EFC0-0D6C353B195B}.Release|Any CPU.ActiveCfg = Release|Any CPU
		{809FB9C3-3BC1-7F83-EFC0-0D6C353B195B}.Release|Any CPU.Build.0 = Release|Any CPU
		{40608A6F-EC18-0189-8950-D046730CFD43}.Debug|Any CPU.ActiveCfg = Debug|Any CPU
		{40608A6F-EC18-0189-8950-D046730CFD43}.Debug|Any CPU.Build.0 = Debug|Any CPU
		{40608A6F-EC18-0189-8950-D046730CFD43}.Release|Any CPU.ActiveCfg = Release|Any CPU
		{40608A6F-EC18-0189-8950-D046730CFD43}.Release|Any CPU.Build.0 = Release|Any CPU
		{0F2B4BDF-BF13-A92B-B6DE-728C23EF4425}.Debug|Any CPU.ActiveCfg = Debug|Any CPU
		{0F2B4BDF-BF13-A92B-B6DE-728C23EF4425}.Debug|Any CPU.Build.0 = Debug|Any CPU
		{0F2B4BDF-BF13-A92B-B6DE-728C23EF4425}.Release|Any CPU.ActiveCfg = Release|Any CPU
		{0F2B4BDF-BF13-A92B-B6DE-728C23EF4425}.Release|Any CPU.Build.0 = Release|Any CPU
		{95969085-06CA-2276-E8B6-71ABA5B18DD2}.Debug|Any CPU.ActiveCfg = Debug|Any CPU
		{95969085-06CA-2276-E8B6-71ABA5B18DD2}.Debug|Any CPU.Build.0 = Debug|Any CPU
		{95969085-06CA-2276-E8B6-71ABA5B18DD2}.Release|Any CPU.ActiveCfg = Release|Any CPU
		{95969085-06CA-2276-E8B6-71ABA5B18DD2}.Release|Any CPU.Build.0 = Release|Any CPU
		{E7D8505E-4A49-3C9B-15CC-D3A3883DA0B4}.Debug|Any CPU.ActiveCfg = Debug|Any CPU
		{E7D8505E-4A49-3C9B-15CC-D3A3883DA0B4}.Debug|Any CPU.Build.0 = Debug|Any CPU
		{E7D8505E-4A49-3C9B-15CC-D3A3883DA0B4}.Release|Any CPU.ActiveCfg = Release|Any CPU
		{E7D8505E-4A49-3C9B-15CC-D3A3883DA0B4}.Release|Any CPU.Build.0 = Release|Any CPU
		{16246EA1-4790-0CE4-6F7F-FBC6F68D6C88}.Debug|Any CPU.ActiveCfg = Debug|Any CPU
		{16246EA1-4790-0CE4-6F7F-FBC6F68D6C88}.Debug|Any CPU.Build.0 = Debug|Any CPU
		{16246EA1-4790-0CE4-6F7F-FBC6F68D6C88}.Release|Any CPU.ActiveCfg = Release|Any CPU
		{16246EA1-4790-0CE4-6F7F-FBC6F68D6C88}.Release|Any CPU.Build.0 = Release|Any CPU
		{88B5A8B1-C718-CF81-79AA-4018E819F44B}.Debug|Any CPU.ActiveCfg = Debug|Any CPU
		{88B5A8B1-C718-CF81-79AA-4018E819F44B}.Debug|Any CPU.Build.0 = Debug|Any CPU
		{88B5A8B1-C718-CF81-79AA-4018E819F44B}.Release|Any CPU.ActiveCfg = Release|Any CPU
		{88B5A8B1-C718-CF81-79AA-4018E819F44B}.Release|Any CPU.Build.0 = Release|Any CPU
		{66491291-2E50-D4D4-FF1C-3C9A764C4E67}.Debug|Any CPU.ActiveCfg = Debug|Any CPU
		{66491291-2E50-D4D4-FF1C-3C9A764C4E67}.Debug|Any CPU.Build.0 = Debug|Any CPU
		{66491291-2E50-D4D4-FF1C-3C9A764C4E67}.Release|Any CPU.ActiveCfg = Release|Any CPU
		{66491291-2E50-D4D4-FF1C-3C9A764C4E67}.Release|Any CPU.Build.0 = Release|Any CPU
		{A977DF84-7D06-46BB-E9A8-86E78A041899}.Debug|Any CPU.ActiveCfg = Debug|Any CPU
		{A977DF84-7D06-46BB-E9A8-86E78A041899}.Debug|Any CPU.Build.0 = Debug|Any CPU
		{A977DF84-7D06-46BB-E9A8-86E78A041899}.Release|Any CPU.ActiveCfg = Release|Any CPU
		{A977DF84-7D06-46BB-E9A8-86E78A041899}.Release|Any CPU.Build.0 = Release|Any CPU
		{28F744D9-8A55-E4C4-25D2-1C1D7DD1AF76}.Debug|Any CPU.ActiveCfg = Debug|Any CPU
		{28F744D9-8A55-E4C4-25D2-1C1D7DD1AF76}.Debug|Any CPU.Build.0 = Debug|Any CPU
		{28F744D9-8A55-E4C4-25D2-1C1D7DD1AF76}.Release|Any CPU.ActiveCfg = Release|Any CPU
		{28F744D9-8A55-E4C4-25D2-1C1D7DD1AF76}.Release|Any CPU.Build.0 = Release|Any CPU
		{060D05A0-DD05-9119-2CA0-B260CEDE1798}.Debug|Any CPU.ActiveCfg = Debug|Any CPU
		{060D05A0-DD05-9119-2CA0-B260CEDE1798}.Debug|Any CPU.Build.0 = Debug|Any CPU
		{060D05A0-DD05-9119-2CA0-B260CEDE1798}.Release|Any CPU.ActiveCfg = Release|Any CPU
		{060D05A0-DD05-9119-2CA0-B260CEDE1798}.Release|Any CPU.Build.0 = Release|Any CPU
		{0469B207-4262-853C-51AB-5F43F5FD1166}.Debug|Any CPU.ActiveCfg = Debug|Any CPU
		{0469B207-4262-853C-51AB-5F43F5FD1166}.Debug|Any CPU.Build.0 = Debug|Any CPU
		{0469B207-4262-853C-51AB-5F43F5FD1166}.Release|Any CPU.ActiveCfg = Release|Any CPU
		{0469B207-4262-853C-51AB-5F43F5FD1166}.Release|Any CPU.Build.0 = Release|Any CPU
		{1E2AA5D8-EF80-EEDB-7FA7-41791C878FF3}.Debug|Any CPU.ActiveCfg = Debug|Any CPU
		{1E2AA5D8-EF80-EEDB-7FA7-41791C878FF3}.Debug|Any CPU.Build.0 = Debug|Any CPU
		{1E2AA5D8-EF80-EEDB-7FA7-41791C878FF3}.Release|Any CPU.ActiveCfg = Release|Any CPU
		{1E2AA5D8-EF80-EEDB-7FA7-41791C878FF3}.Release|Any CPU.Build.0 = Release|Any CPU
		{D395E54C-AC41-7106-9669-8965EC625D87}.Debug|Any CPU.ActiveCfg = Debug|Any CPU
		{D395E54C-AC41-7106-9669-8965EC625D87}.Debug|Any CPU.Build.0 = Debug|Any CPU
		{D395E54C-AC41-7106-9669-8965EC625D87}.Release|Any CPU.ActiveCfg = Release|Any CPU
		{D395E54C-AC41-7106-9669-8965EC625D87}.Release|Any CPU.Build.0 = Release|Any CPU
		{EF38087A-4789-944F-F160-1387B33A617A}.Debug|Any CPU.ActiveCfg = Debug|Any CPU
		{EF38087A-4789-944F-F160-1387B33A617A}.Debug|Any CPU.Build.0 = Debug|Any CPU
		{EF38087A-4789-944F-F160-1387B33A617A}.Release|Any CPU.ActiveCfg = Release|Any CPU
		{EF38087A-4789-944F-F160-1387B33A617A}.Release|Any CPU.Build.0 = Release|Any CPU
		{53DA1CFD-136D-1921-C54A-0EEDD3449FDA}.Debug|Any CPU.ActiveCfg = Debug|Any CPU
		{53DA1CFD-136D-1921-C54A-0EEDD3449FDA}.Debug|Any CPU.Build.0 = Debug|Any CPU
		{53DA1CFD-136D-1921-C54A-0EEDD3449FDA}.Release|Any CPU.ActiveCfg = Release|Any CPU
		{53DA1CFD-136D-1921-C54A-0EEDD3449FDA}.Release|Any CPU.Build.0 = Release|Any CPU
		{737D94FA-DC92-A2B2-C6B2-2A8ED7EED437}.Debug|Any CPU.ActiveCfg = Debug|Any CPU
		{737D94FA-DC92-A2B2-C6B2-2A8ED7EED437}.Debug|Any CPU.Build.0 = Debug|Any CPU
		{737D94FA-DC92-A2B2-C6B2-2A8ED7EED437}.Release|Any CPU.ActiveCfg = Release|Any CPU
		{737D94FA-DC92-A2B2-C6B2-2A8ED7EED437}.Release|Any CPU.Build.0 = Release|Any CPU
		{0E043024-3D8D-15C5-F8D7-9ED3A5AEE1AE}.Debug|Any CPU.ActiveCfg = Debug|Any CPU
		{0E043024-3D8D-15C5-F8D7-9ED3A5AEE1AE}.Debug|Any CPU.Build.0 = Debug|Any CPU
		{0E043024-3D8D-15C5-F8D7-9ED3A5AEE1AE}.Release|Any CPU.ActiveCfg = Release|Any CPU
		{0E043024-3D8D-15C5-F8D7-9ED3A5AEE1AE}.Release|Any CPU.Build.0 = Release|Any CPU
		{7ADA31A7-2A3F-92C9-9041-EE71D54E8466}.Debug|Any CPU.ActiveCfg = Debug|Any CPU
		{7ADA31A7-2A3F-92C9-9041-EE71D54E8466}.Debug|Any CPU.Build.0 = Debug|Any CPU
		{7ADA31A7-2A3F-92C9-9041-EE71D54E8466}.Release|Any CPU.ActiveCfg = Release|Any CPU
		{7ADA31A7-2A3F-92C9-9041-EE71D54E8466}.Release|Any CPU.Build.0 = Release|Any CPU
		{33D633B4-9D85-CE16-412D-D7354E5A46A5}.Debug|Any CPU.ActiveCfg = Debug|Any CPU
		{33D633B4-9D85-CE16-412D-D7354E5A46A5}.Debug|Any CPU.Build.0 = Debug|Any CPU
		{33D633B4-9D85-CE16-412D-D7354E5A46A5}.Release|Any CPU.ActiveCfg = Release|Any CPU
		{33D633B4-9D85-CE16-412D-D7354E5A46A5}.Release|Any CPU.Build.0 = Release|Any CPU
		{9A8E34F6-BD8B-6237-8945-450FE121B069}.Debug|Any CPU.ActiveCfg = Debug|Any CPU
		{9A8E34F6-BD8B-6237-8945-450FE121B069}.Debug|Any CPU.Build.0 = Debug|Any CPU
		{9A8E34F6-BD8B-6237-8945-450FE121B069}.Release|Any CPU.ActiveCfg = Release|Any CPU
		{9A8E34F6-BD8B-6237-8945-450FE121B069}.Release|Any CPU.Build.0 = Release|Any CPU
		{17E8BF14-4A85-1468-D352-F267AF0A4897}.Debug|Any CPU.ActiveCfg = Debug|Any CPU
		{17E8BF14-4A85-1468-D352-F267AF0A4897}.Debug|Any CPU.Build.0 = Debug|Any CPU
		{17E8BF14-4A85-1468-D352-F267AF0A4897}.Release|Any CPU.ActiveCfg = Release|Any CPU
		{17E8BF14-4A85-1468-D352-F267AF0A4897}.Release|Any CPU.Build.0 = Release|Any CPU
		{C9BC57C6-DFAD-6E89-D4B7-41AE23CE70D8}.Debug|Any CPU.ActiveCfg = Debug|Any CPU
		{C9BC57C6-DFAD-6E89-D4B7-41AE23CE70D8}.Debug|Any CPU.Build.0 = Debug|Any CPU
		{C9BC57C6-DFAD-6E89-D4B7-41AE23CE70D8}.Release|Any CPU.ActiveCfg = Release|Any CPU
		{C9BC57C6-DFAD-6E89-D4B7-41AE23CE70D8}.Release|Any CPU.Build.0 = Release|Any CPU
		{80180101-9DE4-FB6F-D1E7-556C03884DDF}.Debug|Any CPU.ActiveCfg = Debug|Any CPU
		{80180101-9DE4-FB6F-D1E7-556C03884DDF}.Debug|Any CPU.Build.0 = Debug|Any CPU
		{80180101-9DE4-FB6F-D1E7-556C03884DDF}.Release|Any CPU.ActiveCfg = Release|Any CPU
		{80180101-9DE4-FB6F-D1E7-556C03884DDF}.Release|Any CPU.Build.0 = Release|Any CPU
		{76D57ADE-B4A9-512E-F2B3-494C4E14DB80}.Debug|Any CPU.ActiveCfg = Debug|Any CPU
		{76D57ADE-B4A9-512E-F2B3-494C4E14DB80}.Debug|Any CPU.Build.0 = Debug|Any CPU
		{76D57ADE-B4A9-512E-F2B3-494C4E14DB80}.Release|Any CPU.ActiveCfg = Release|Any CPU
		{76D57ADE-B4A9-512E-F2B3-494C4E14DB80}.Release|Any CPU.Build.0 = Release|Any CPU
		{F771790C-063B-B94A-3F81-8016036D4B2D}.Debug|Any CPU.ActiveCfg = Debug|Any CPU
		{F771790C-063B-B94A-3F81-8016036D4B2D}.Debug|Any CPU.Build.0 = Debug|Any CPU
		{F771790C-063B-B94A-3F81-8016036D4B2D}.Release|Any CPU.ActiveCfg = Release|Any CPU
		{F771790C-063B-B94A-3F81-8016036D4B2D}.Release|Any CPU.Build.0 = Release|Any CPU
		{A16F4EE6-A0C0-C42A-560A-B551C7D28CC8}.Debug|Any CPU.ActiveCfg = Debug|Any CPU
		{A16F4EE6-A0C0-C42A-560A-B551C7D28CC8}.Debug|Any CPU.Build.0 = Debug|Any CPU
		{A16F4EE6-A0C0-C42A-560A-B551C7D28CC8}.Release|Any CPU.ActiveCfg = Release|Any CPU
		{A16F4EE6-A0C0-C42A-560A-B551C7D28CC8}.Release|Any CPU.Build.0 = Release|Any CPU
		{2470A643-205B-B13E-9BFF-2A6ABAB65E07}.Debug|Any CPU.ActiveCfg = Debug|Any CPU
		{2470A643-205B-B13E-9BFF-2A6ABAB65E07}.Debug|Any CPU.Build.0 = Debug|Any CPU
		{2470A643-205B-B13E-9BFF-2A6ABAB65E07}.Release|Any CPU.ActiveCfg = Release|Any CPU
		{2470A643-205B-B13E-9BFF-2A6ABAB65E07}.Release|Any CPU.Build.0 = Release|Any CPU
		{04156D9F-C96D-0271-021F-D473C7F544BC}.Debug|Any CPU.ActiveCfg = Debug|Any CPU
		{04156D9F-C96D-0271-021F-D473C7F544BC}.Debug|Any CPU.Build.0 = Debug|Any CPU
		{04156D9F-C96D-0271-021F-D473C7F544BC}.Release|Any CPU.ActiveCfg = Release|Any CPU
		{04156D9F-C96D-0271-021F-D473C7F544BC}.Release|Any CPU.Build.0 = Release|Any CPU
		{33A24D98-11E5-5533-7FBF-16E1993ED7EB}.Debug|Any CPU.ActiveCfg = Debug|Any CPU
		{33A24D98-11E5-5533-7FBF-16E1993ED7EB}.Debug|Any CPU.Build.0 = Debug|Any CPU
		{33A24D98-11E5-5533-7FBF-16E1993ED7EB}.Release|Any CPU.ActiveCfg = Release|Any CPU
		{33A24D98-11E5-5533-7FBF-16E1993ED7EB}.Release|Any CPU.Build.0 = Release|Any CPU
		{A0CAC193-C0FB-A04A-9476-58EA50A7AADE}.Debug|Any CPU.ActiveCfg = Debug|Any CPU
		{A0CAC193-C0FB-A04A-9476-58EA50A7AADE}.Debug|Any CPU.Build.0 = Debug|Any CPU
		{A0CAC193-C0FB-A04A-9476-58EA50A7AADE}.Release|Any CPU.ActiveCfg = Release|Any CPU
		{A0CAC193-C0FB-A04A-9476-58EA50A7AADE}.Release|Any CPU.Build.0 = Release|Any CPU
		{A5702D75-950E-C811-50FB-1287560D0B37}.Debug|Any CPU.ActiveCfg = Debug|Any CPU
		{A5702D75-950E-C811-50FB-1287560D0B37}.Debug|Any CPU.Build.0 = Debug|Any CPU
		{A5702D75-950E-C811-50FB-1287560D0B37}.Release|Any CPU.ActiveCfg = Release|Any CPU
		{A5702D75-950E-C811-50FB-1287560D0B37}.Release|Any CPU.Build.0 = Release|Any CPU
		{76790625-5E69-A1BC-9D73-A4CD9978015A}.Debug|Any CPU.ActiveCfg = Debug|Any CPU
		{76790625-5E69-A1BC-9D73-A4CD9978015A}.Debug|Any CPU.Build.0 = Debug|Any CPU
		{76790625-5E69-A1BC-9D73-A4CD9978015A}.Release|Any CPU.ActiveCfg = Release|Any CPU
		{76790625-5E69-A1BC-9D73-A4CD9978015A}.Release|Any CPU.Build.0 = Release|Any CPU
		{DF2D1B13-49FF-85C4-4AE7-468E0A99956E}.Debug|Any CPU.ActiveCfg = Debug|Any CPU
		{DF2D1B13-49FF-85C4-4AE7-468E0A99956E}.Debug|Any CPU.Build.0 = Debug|Any CPU
		{DF2D1B13-49FF-85C4-4AE7-468E0A99956E}.Release|Any CPU.ActiveCfg = Release|Any CPU
		{DF2D1B13-49FF-85C4-4AE7-468E0A99956E}.Release|Any CPU.Build.0 = Release|Any CPU
		{3D2B48B7-1C34-571F-4844-01B21A0F6B67}.Debug|Any CPU.ActiveCfg = Debug|Any CPU
		{3D2B48B7-1C34-571F-4844-01B21A0F6B67}.Debug|Any CPU.Build.0 = Debug|Any CPU
		{3D2B48B7-1C34-571F-4844-01B21A0F6B67}.Release|Any CPU.ActiveCfg = Release|Any CPU
		{3D2B48B7-1C34-571F-4844-01B21A0F6B67}.Release|Any CPU.Build.0 = Release|Any CPU
	EndGlobalSection
	GlobalSection(SolutionProperties) = preSolution
		HideSolutionNode = FALSE
	EndGlobalSection
EndGlobal
