
Microsoft Visual Studio Solution File, Format Version 12.00
# Visual Studio 15
Project("{FAE04EC0-301F-11D3-BF4B-00C04F79EFBC}") = "Meta.WitAi.Conduit", "Meta.WitAi.Conduit.csproj", "{4C47FBDC-5B2D-7B08-804A-A6F47C718E7D}"
EndProject
Project("{FAE04EC0-301F-11D3-BF4B-00C04F79EFBC}") = "Oculus.VR", "Oculus.VR.csproj", "{F6B2B8E0-8CBC-2A2D-D4EF-53213C4AD65D}"
EndProject
Project("{FAE04EC0-301F-11D3-BF4B-00C04F79EFBC}") = "Oculus.Interaction", "Oculus.Interaction.csproj", "{595A8ABF-F3A2-2108-6F76-208806B0E431}"
EndProject
Project("{FAE04EC0-301F-11D3-BF4B-00C04F79EFBC}") = "Oculus.Interaction.Editor", "Oculus.Interaction.Editor.csproj", "{566972B2-4983-6699-823A-B712E7C5F4BF}"
EndProject
Project("{FAE04EC0-301F-11D3-BF4B-00C04F79EFBC}") = "Oculus.Platform", "Oculus.Platform.csproj", "{EEBD22E7-75FE-9D50-D2C1-802D2BFC1DB3}"
EndProject
Project("{FAE04EC0-301F-11D3-BF4B-00C04F79EFBC}") = "VoiceSDK.Telemetry", "VoiceSDK.Telemetry.csproj", "{55C1211C-8E1D-FF49-D38D-0F9CC0D234A0}"
EndProject
Project("{FAE04EC0-301F-11D3-BF4B-00C04F79EFBC}") = "Assembly-CSharp", "Assembly-CSharp.csproj", "{C75B6EF4-E829-FD6F-E821-FA72E76E61AF}"
EndProject
Project("{FAE04EC0-301F-11D3-BF4B-00C04F79EFBC}") = "Oculus.Interaction.OVR.Samples", "Oculus.Interaction.OVR.Samples.csproj", "{2A6F064C-96D4-D566-B4E6-9F20826E724F}"
EndProject
Project("{FAE04EC0-301F-11D3-BF4B-00C04F79EFBC}") = "Meta.WitAi.Lib", "Meta.WitAi.Lib.csproj", "{F7665015-8497-4052-D52C-81C1B1DCDB74}"
EndProject
Project("{FAE04EC0-301F-11D3-BF4B-00C04F79EFBC}") = "Meta.WitAi.Editor", "Meta.WitAi.Editor.csproj", "{9103E9B4-B2F6-8A46-DEC6-0B5156847E55}"
EndProject
Project("{FAE04EC0-301F-11D3-BF4B-00C04F79EFBC}") = "Meta.WitAi.Conduit.Editor", "Meta.WitAi.Conduit.Editor.csproj", "{32653594-A98D-2B96-8CA3-7D09EC074383}"
EndProject
Project("{FAE04EC0-301F-11D3-BF4B-00C04F79EFBC}") = "Meta.WitAi", "Meta.WitAi.csproj", "{D15B90EE-698D-CB22-676E-3B84EB6504C6}"
EndProject
Project("{FAE04EC0-301F-11D3-BF4B-00C04F79EFBC}") = "Oculus.VR.Editor", "Oculus.VR.Editor.csproj", "{85C99CE0-4EBF-D5EF-BCD8-504CE9B2893E}"
EndProject
Project("{FAE04EC0-301F-11D3-BF4B-00C04F79EFBC}") = "Oculus.Interaction.OVR.Editor", "Oculus.Interaction.OVR.Editor.csproj", "{852656EB-947F-9D80-EDEB-A9B698C58141}"
EndProject
Project("{FAE04EC0-301F-11D3-BF4B-00C04F79EFBC}") = "Oculus.LipSync", "Oculus.LipSync.csproj", "{C28FD85E-C2C2-6C71-12F1-657CF2EFD83A}"
EndProject
Project("{FAE04EC0-301F-11D3-BF4B-00C04F79EFBC}") = "Oculus.Interaction.OVR", "Oculus.Interaction.OVR.csproj", "{3E6ACDF6-1F28-02D7-877C-9C5DF1501043}"
EndProject
Project("{FAE04EC0-301F-11D3-BF4B-00C04F79EFBC}") = "VoiceSDK.Editor", "VoiceSDK.Editor.csproj", "{AC468F3A-8FE7-BB50-F702-5A4C6500FA08}"
EndProject
Project("{FAE04EC0-301F-11D3-BF4B-00C04F79EFBC}") = "Meta.WitAI.Lib.Editor", "Meta.WitAI.Lib.Editor.csproj", "{CC0CBA94-A983-C4D9-468C-9FE1D31ACF3B}"
EndProject
Project("{FAE04EC0-301F-11D3-BF4B-00C04F79EFBC}") = "Oculus.AudioManager", "Oculus.AudioManager.csproj", "{8BAE2B68-0DC9-AB8E-2734-23B4B036C12E}"
EndProject
Project("{FAE04EC0-301F-11D3-BF4B-00C04F79EFBC}") = "Meta.Voice.Samples.BuiltInTimer", "Meta.Voice.Samples.BuiltInTimer.csproj", "{6664987D-D7BF-DD04-36F8-E85328486BCA}"
EndProject
Project("{FAE04EC0-301F-11D3-BF4B-00C04F79EFBC}") = "Meta.XR.BuildingBlocks.Editor", "Meta.XR.BuildingBlocks.Editor.csproj", "{AC7C8DB8-DBCD-3EEC-58F9-4FAA731592D3}"
EndProject
Project("{FAE04EC0-301F-11D3-BF4B-00C04F79EFBC}") = "Meta.Voice.VSDKHub.Editor", "Meta.Voice.VSDKHub.Editor.csproj", "{97AC4467-75C2-E130-4A02-C3F0B7ECA46F}"
EndProject
Project("{FAE04EC0-301F-11D3-BF4B-00C04F79EFBC}") = "VoiceSDK.Dictation.Runtime", "VoiceSDK.Dictation.Runtime.csproj", "{648FC04F-0DD4-B135-9260-E1A62E5FB7FB}"
EndProject
Project("{FAE04EC0-301F-11D3-BF4B-00C04F79EFBC}") = "Meta.WitAi.TTS", "Meta.WitAi.TTS.csproj", "{4C0E61D6-C918-C03E-8841-6DE12E99840B}"
EndProject
Project("{FAE04EC0-301F-11D3-BF4B-00C04F79EFBC}") = "AssistantCoreSDKRuntime", "AssistantCoreSDKRuntime.csproj", "{4C233FB0-AF34-721A-F584-BCD5D84674D1}"
EndProject
Project("{FAE04EC0-301F-11D3-BF4B-00C04F79EFBC}") = "Assembly-CSharp-Editor", "Assembly-CSharp-Editor.csproj", "{7ACE96A7-D0F6-799B-1638-0108B1F3D83E}"
EndProject
Project("{FAE04EC0-301F-11D3-BF4B-00C04F79EFBC}") = "Meta.Voice.Samples.TTSVoices", "Meta.Voice.Samples.TTSVoices.csproj", "{39E6ED90-E46D-F760-0B90-242EB4AB0853}"
EndProject
Project("{FAE04EC0-301F-11D3-BF4B-00C04F79EFBC}") = "VoiceSDK.Runtime", "VoiceSDK.Runtime.csproj", "{8F9534FE-A208-9F9F-8C93-4650E4BF264A}"
EndProject
Project("{FAE04EC0-301F-11D3-BF4B-00C04F79EFBC}") = "Oculus.VR.Scripts.Editor", "Oculus.VR.Scripts.Editor.csproj", "{602D7260-0BC5-493B-4148-444F41CBB1BD}"
EndProject
Project("{FAE04EC0-301F-11D3-BF4B-00C04F79EFBC}") = "Meta.Voice.Samples.LightTraits", "Meta.Voice.Samples.LightTraits.csproj", "{160627BE-54BD-5BC4-A32D-54F0EA02645F}"
EndProject
Project("{FAE04EC0-301F-11D3-BF4B-00C04F79EFBC}") = "Meta.Voice.Hub.Editor", "Meta.Voice.Hub.Editor.csproj", "{14B7751F-7ECC-FBA1-2FE2-F1F87CD5202D}"
EndProject
Project("{FAE04EC0-301F-11D3-BF4B-00C04F79EFBC}") = "Oculus.Interaction.Samples.Editor", "Oculus.Interaction.Samples.Editor.csproj", "{C6DF71FD-AEF1-93FA-6D7E-02D5427515D7}"
EndProject
Project("{FAE04EC0-301F-11D3-BF4B-00C04F79EFBC}") = "Meta.WitAi.TTS.Editor", "Meta.WitAi.TTS.Editor.csproj", "{F413F5B3-8309-4F25-9D3B-C586FB68AF2F}"
EndProject
Project("{FAE04EC0-301F-11D3-BF4B-00C04F79EFBC}") = "Meta.XR.BuildingBlocks", "Meta.XR.BuildingBlocks.csproj", "{FD87FA5F-E33B-C35B-352F-946B4B1FFFFC}"
EndProject
Project("{FAE04EC0-301F-11D3-BF4B-00C04F79EFBC}") = "Oculus.Platform.Editor", "Oculus.Platform.Editor.csproj", "{E3618E1D-7F79-FACC-D42F-4CFAC4DFCD93}"
EndProject
Project("{FAE04EC0-301F-11D3-BF4B-00C04F79EFBC}") = "Facebook.Wit.Dictation", "Facebook.Wit.Dictation.csproj", "{203AAF6E-8A84-8EA2-2523-C86E5D4088CA}"
EndProject
Project("{FAE04EC0-301F-11D3-BF4B-00C04F79EFBC}") = "Oculus.Spatializer.Editor", "Oculus.Spatializer.Editor.csproj", "{1E9E3F3E-2CDC-0EDB-1540-730668DF9A05}"
EndProject
Project("{FAE04EC0-301F-11D3-BF4B-00C04F79EFBC}") = "Oculus.LipSync.Editor", "Oculus.LipSync.Editor.csproj", "{FC70F3D4-BF96-F90B-6281-D4AC9521DFF0}"
EndProject
Project("{FAE04EC0-301F-11D3-BF4B-00C04F79EFBC}") = "Oculus.AudioManager.Utils.Editor", "Oculus.AudioManager.Utils.Editor.csproj", "{F808544C-A146-2450-D205-14DCAFCAE1BE}"
EndProject
Project("{FAE04EC0-301F-11D3-BF4B-00C04F79EFBC}") = "Meta.VoiceSDK.Mic.Common", "Meta.VoiceSDK.Mic.Common.csproj", "{772F7891-7659-32FE-CC39-D2E137311AD2}"
EndProject
Project("{FAE04EC0-301F-11D3-BF4B-00C04F79EFBC}") = "Meta.Voice.Samples.ShapesConduit", "Meta.Voice.Samples.ShapesConduit.csproj", "{9C2206DB-08B3-3368-81FE-B6A5A677EB3F}"
EndProject
Project("{FAE04EC0-301F-11D3-BF4B-00C04F79EFBC}") = "Oculus.Spatializer", "Oculus.Spatializer.csproj", "{E9F8D8E7-E976-968A-F4C3-83283C999B18}"
EndProject
Project("{FAE04EC0-301F-11D3-BF4B-00C04F79EFBC}") = "Meta.VoiceSDK.Mic.Other", "Meta.VoiceSDK.Mic.Other.csproj", "{10BC7A20-2FD2-FD7C-AD58-161C2ABAB6D9}"
EndProject
Project("{FAE04EC0-301F-11D3-BF4B-00C04F79EFBC}") = "Oculus.Interaction.InterfaceSupport", "Oculus.Interaction.InterfaceSupport.csproj", "{E3EC2BFE-B11D-61BB-FF10-5DA985B23C8E}"
EndProject
Project("{FAE04EC0-301F-11D3-BF4B-00C04F79EFBC}") = "Oculus.AudioManager.Audio.Editor", "Oculus.AudioManager.Audio.Editor.csproj", "{8C6142BE-3CF0-9969-A7CF-074F4D655003}"
EndProject
Project("{FAE04EC0-301F-11D3-BF4B-00C04F79EFBC}") = "Meta.Voice.Samples.LiveUnderstanding", "Meta.Voice.Samples.LiveUnderstanding.csproj", "{5F2A03C7-6F99-9BA9-5BA2-0728EA6A5D83}"
EndProject
Project("{FAE04EC0-301F-11D3-BF4B-00C04F79EFBC}") = "VoiceSDK.Dictation.Editor", "VoiceSDK.Dictation.Editor.csproj", "{AFD5653C-A01D-FBFF-0E1A-D4A564C467A5}"
EndProject
Project("{FAE04EC0-301F-11D3-BF4B-00C04F79EFBC}") = "AssistantCoreSDKEditor", "AssistantCoreSDKEditor.csproj", "{2A964452-CC5F-6A3B-6CFB-1B9F4309C07D}"
EndProject
Project("{FAE04EC0-301F-11D3-BF4B-00C04F79EFBC}") = "Meta.VoiceSDK.Mic.WebGL", "Meta.VoiceSDK.Mic.WebGL.csproj", "{0287AD13-561B-B66C-977A-AC902F0824CB}"
EndProject
Project("{FAE04EC0-301F-11D3-BF4B-00C04F79EFBC}") = "Meta.Voice.Hub.Runtime", "Meta.Voice.Hub.Runtime.csproj", "{EF1890EC-42CA-2711-BE2B-C70C6642309B}"
EndProject
Project("{FAE04EC0-301F-11D3-BF4B-00C04F79EFBC}") = "Meta.Voice.Samples.Chess", "Meta.Voice.Samples.Chess.csproj", "{39AE1586-A96B-929E-A9BD-A3B166B0F10C}"
EndProject
Project("{FAE04EC0-301F-11D3-BF4B-00C04F79EFBC}") = "Meta.Voice.Samples.Dictation", "Meta.Voice.Samples.Dictation.csproj", "{4FE7B5EB-7326-BB7A-F360-FD3FC2D9511F}"
EndProject
Project("{FAE04EC0-301F-11D3-BF4B-00C04F79EFBC}") = "Meta.Voice.Samples.Shapes", "Meta.Voice.Samples.Shapes.csproj", "{672DEE1F-5565-1513-8FE8-E83BCCE33182}"
EndProject
Project("{FAE04EC0-301F-11D3-BF4B-00C04F79EFBC}") = "Facebook.Wit.Dictation.Editor", "Facebook.Wit.Dictation.Editor.csproj", "{E881FFD9-A7FA-72DD-45E6-157B5C565043}"
EndProject
Global
	GlobalSection(SolutionConfigurationPlatforms) = preSolution
		Debug|Any CPU = Debug|Any CPU
		Release|Any CPU = Release|Any CPU
	EndGlobalSection
	GlobalSection(ProjectConfigurationPlatforms) = postSolution
		{4C47FBDC-5B2D-7B08-804A-A6F47C718E7D}.Debug|Any CPU.ActiveCfg = Debug|Any CPU
		{4C47FBDC-5B2D-7B08-804A-A6F47C718E7D}.Debug|Any CPU.Build.0 = Debug|Any CPU
		{4C47FBDC-5B2D-7B08-804A-A6F47C718E7D}.Release|Any CPU.ActiveCfg = Release|Any CPU
		{4C47FBDC-5B2D-7B08-804A-A6F47C718E7D}.Release|Any CPU.Build.0 = Release|Any CPU
		{F6B2B8E0-8CBC-2A2D-D4EF-53213C4AD65D}.Debug|Any CPU.ActiveCfg = Debug|Any CPU
		{F6B2B8E0-8CBC-2A2D-D4EF-53213C4AD65D}.Debug|Any CPU.Build.0 = Debug|Any CPU
		{F6B2B8E0-8CBC-2A2D-D4EF-53213C4AD65D}.Release|Any CPU.ActiveCfg = Release|Any CPU
		{F6B2B8E0-8CBC-2A2D-D4EF-53213C4AD65D}.Release|Any CPU.Build.0 = Release|Any CPU
		{595A8ABF-F3A2-2108-6F76-208806B0E431}.Debug|Any CPU.ActiveCfg = Debug|Any CPU
		{595A8ABF-F3A2-2108-6F76-208806B0E431}.Debug|Any CPU.Build.0 = Debug|Any CPU
		{595A8ABF-F3A2-2108-6F76-208806B0E431}.Release|Any CPU.ActiveCfg = Release|Any CPU
		{595A8ABF-F3A2-2108-6F76-208806B0E431}.Release|Any CPU.Build.0 = Release|Any CPU
		{566972B2-4983-6699-823A-B712E7C5F4BF}.Debug|Any CPU.ActiveCfg = Debug|Any CPU
		{566972B2-4983-6699-823A-B712E7C5F4BF}.Debug|Any CPU.Build.0 = Debug|Any CPU
		{566972B2-4983-6699-823A-B712E7C5F4BF}.Release|Any CPU.ActiveCfg = Release|Any CPU
		{566972B2-4983-6699-823A-B712E7C5F4BF}.Release|Any CPU.Build.0 = Release|Any CPU
		{EEBD22E7-75FE-9D50-D2C1-802D2BFC1DB3}.Debug|Any CPU.ActiveCfg = Debug|Any CPU
		{EEBD22E7-75FE-9D50-D2C1-802D2BFC1DB3}.Debug|Any CPU.Build.0 = Debug|Any CPU
		{EEBD22E7-75FE-9D50-D2C1-802D2BFC1DB3}.Release|Any CPU.ActiveCfg = Release|Any CPU
		{EEBD22E7-75FE-9D50-D2C1-802D2BFC1DB3}.Release|Any CPU.Build.0 = Release|Any CPU
		{55C1211C-8E1D-FF49-D38D-0F9CC0D234A0}.Debug|Any CPU.ActiveCfg = Debug|Any CPU
		{55C1211C-8E1D-FF49-D38D-0F9CC0D234A0}.Debug|Any CPU.Build.0 = Debug|Any CPU
		{55C1211C-8E1D-FF49-D38D-0F9CC0D234A0}.Release|Any CPU.ActiveCfg = Release|Any CPU
		{55C1211C-8E1D-FF49-D38D-0F9CC0D234A0}.Release|Any CPU.Build.0 = Release|Any CPU
		{C75B6EF4-E829-FD6F-E821-FA72E76E61AF}.Debug|Any CPU.ActiveCfg = Debug|Any CPU
		{C75B6EF4-E829-FD6F-E821-FA72E76E61AF}.Debug|Any CPU.Build.0 = Debug|Any CPU
		{C75B6EF4-E829-FD6F-E821-FA72E76E61AF}.Release|Any CPU.ActiveCfg = Release|Any CPU
		{C75B6EF4-E829-FD6F-E821-FA72E76E61AF}.Release|Any CPU.Build.0 = Release|Any CPU
		{2A6F064C-96D4-D566-B4E6-9F20826E724F}.Debug|Any CPU.ActiveCfg = Debug|Any CPU
		{2A6F064C-96D4-D566-B4E6-9F20826E724F}.Debug|Any CPU.Build.0 = Debug|Any CPU
		{2A6F064C-96D4-D566-B4E6-9F20826E724F}.Release|Any CPU.ActiveCfg = Release|Any CPU
		{2A6F064C-96D4-D566-B4E6-9F20826E724F}.Release|Any CPU.Build.0 = Release|Any CPU
		{F7665015-8497-4052-D52C-81C1B1DCDB74}.Debug|Any CPU.ActiveCfg = Debug|Any CPU
		{F7665015-8497-4052-D52C-81C1B1DCDB74}.Debug|Any CPU.Build.0 = Debug|Any CPU
		{F7665015-8497-4052-D52C-81C1B1DCDB74}.Release|Any CPU.ActiveCfg = Release|Any CPU
		{F7665015-8497-4052-D52C-81C1B1DCDB74}.Release|Any CPU.Build.0 = Release|Any CPU
		{9103E9B4-B2F6-8A46-DEC6-0B5156847E55}.Debug|Any CPU.ActiveCfg = Debug|Any CPU
		{9103E9B4-B2F6-8A46-DEC6-0B5156847E55}.Debug|Any CPU.Build.0 = Debug|Any CPU
		{9103E9B4-B2F6-8A46-DEC6-0B5156847E55}.Release|Any CPU.ActiveCfg = Release|Any CPU
		{9103E9B4-B2F6-8A46-DEC6-0B5156847E55}.Release|Any CPU.Build.0 = Release|Any CPU
		{32653594-A98D-2B96-8CA3-7D09EC074383}.Debug|Any CPU.ActiveCfg = Debug|Any CPU
		{32653594-A98D-2B96-8CA3-7D09EC074383}.Debug|Any CPU.Build.0 = Debug|Any CPU
		{32653594-A98D-2B96-8CA3-7D09EC074383}.Release|Any CPU.ActiveCfg = Release|Any CPU
		{32653594-A98D-2B96-8CA3-7D09EC074383}.Release|Any CPU.Build.0 = Release|Any CPU
		{D15B90EE-698D-CB22-676E-3B84EB6504C6}.Debug|Any CPU.ActiveCfg = Debug|Any CPU
		{D15B90EE-698D-CB22-676E-3B84EB6504C6}.Debug|Any CPU.Build.0 = Debug|Any CPU
		{D15B90EE-698D-CB22-676E-3B84EB6504C6}.Release|Any CPU.ActiveCfg = Release|Any CPU
		{D15B90EE-698D-CB22-676E-3B84EB6504C6}.Release|Any CPU.Build.0 = Release|Any CPU
		{85C99CE0-4EBF-D5EF-BCD8-504CE9B2893E}.Debug|Any CPU.ActiveCfg = Debug|Any CPU
		{85C99CE0-4EBF-D5EF-BCD8-504CE9B2893E}.Debug|Any CPU.Build.0 = Debug|Any CPU
		{85C99CE0-4EBF-D5EF-BCD8-504CE9B2893E}.Release|Any CPU.ActiveCfg = Release|Any CPU
		{85C99CE0-4EBF-D5EF-BCD8-504CE9B2893E}.Release|Any CPU.Build.0 = Release|Any CPU
		{852656EB-947F-9D80-EDEB-A9B698C58141}.Debug|Any CPU.ActiveCfg = Debug|Any CPU
		{852656EB-947F-9D80-EDEB-A9B698C58141}.Debug|Any CPU.Build.0 = Debug|Any CPU
		{852656EB-947F-9D80-EDEB-A9B698C58141}.Release|Any CPU.ActiveCfg = Release|Any CPU
		{852656EB-947F-9D80-EDEB-A9B698C58141}.Release|Any CPU.Build.0 = Release|Any CPU
		{C28FD85E-C2C2-6C71-12F1-657CF2EFD83A}.Debug|Any CPU.ActiveCfg = Debug|Any CPU
		{C28FD85E-C2C2-6C71-12F1-657CF2EFD83A}.Debug|Any CPU.Build.0 = Debug|Any CPU
		{C28FD85E-C2C2-6C71-12F1-657CF2EFD83A}.Release|Any CPU.ActiveCfg = Release|Any CPU
		{C28FD85E-C2C2-6C71-12F1-657CF2EFD83A}.Release|Any CPU.Build.0 = Release|Any CPU
		{3E6ACDF6-1F28-02D7-877C-9C5DF1501043}.Debug|Any CPU.ActiveCfg = Debug|Any CPU
		{3E6ACDF6-1F28-02D7-877C-9C5DF1501043}.Debug|Any CPU.Build.0 = Debug|Any CPU
		{3E6ACDF6-1F28-02D7-877C-9C5DF1501043}.Release|Any CPU.ActiveCfg = Release|Any CPU
		{3E6ACDF6-1F28-02D7-877C-9C5DF1501043}.Release|Any CPU.Build.0 = Release|Any CPU
		{AC468F3A-8FE7-BB50-F702-5A4C6500FA08}.Debug|Any CPU.ActiveCfg = Debug|Any CPU
		{AC468F3A-8FE7-BB50-F702-5A4C6500FA08}.Debug|Any CPU.Build.0 = Debug|Any CPU
		{AC468F3A-8FE7-BB50-F702-5A4C6500FA08}.Release|Any CPU.ActiveCfg = Release|Any CPU
		{AC468F3A-8FE7-BB50-F702-5A4C6500FA08}.Release|Any CPU.Build.0 = Release|Any CPU
		{CC0CBA94-A983-C4D9-468C-9FE1D31ACF3B}.Debug|Any CPU.ActiveCfg = Debug|Any CPU
		{CC0CBA94-A983-C4D9-468C-9FE1D31ACF3B}.Debug|Any CPU.Build.0 = Debug|Any CPU
		{CC0CBA94-A983-C4D9-468C-9FE1D31ACF3B}.Release|Any CPU.ActiveCfg = Release|Any CPU
		{CC0CBA94-A983-C4D9-468C-9FE1D31ACF3B}.Release|Any CPU.Build.0 = Release|Any CPU
		{8BAE2B68-0DC9-AB8E-2734-23B4B036C12E}.Debug|Any CPU.ActiveCfg = Debug|Any CPU
		{8BAE2B68-0DC9-AB8E-2734-23B4B036C12E}.Debug|Any CPU.Build.0 = Debug|Any CPU
		{8BAE2B68-0DC9-AB8E-2734-23B4B036C12E}.Release|Any CPU.ActiveCfg = Release|Any CPU
		{8BAE2B68-0DC9-AB8E-2734-23B4B036C12E}.Release|Any CPU.Build.0 = Release|Any CPU
		{6664987D-D7BF-DD04-36F8-E85328486BCA}.Debug|Any CPU.ActiveCfg = Debug|Any CPU
		{6664987D-D7BF-DD04-36F8-E85328486BCA}.Debug|Any CPU.Build.0 = Debug|Any CPU
		{6664987D-D7BF-DD04-36F8-E85328486BCA}.Release|Any CPU.ActiveCfg = Release|Any CPU
		{6664987D-D7BF-DD04-36F8-E85328486BCA}.Release|Any CPU.Build.0 = Release|Any CPU
		{AC7C8DB8-DBCD-3EEC-58F9-4FAA731592D3}.Debug|Any CPU.ActiveCfg = Debug|Any CPU
		{AC7C8DB8-DBCD-3EEC-58F9-4FAA731592D3}.Debug|Any CPU.Build.0 = Debug|Any CPU
		{AC7C8DB8-DBCD-3EEC-58F9-4FAA731592D3}.Release|Any CPU.ActiveCfg = Release|Any CPU
		{AC7C8DB8-DBCD-3EEC-58F9-4FAA731592D3}.Release|Any CPU.Build.0 = Release|Any CPU
		{97AC4467-75C2-E130-4A02-C3F0B7ECA46F}.Debug|Any CPU.ActiveCfg = Debug|Any CPU
		{97AC4467-75C2-E130-4A02-C3F0B7ECA46F}.Debug|Any CPU.Build.0 = Debug|Any CPU
		{97AC4467-75C2-E130-4A02-C3F0B7ECA46F}.Release|Any CPU.ActiveCfg = Release|Any CPU
		{97AC4467-75C2-E130-4A02-C3F0B7ECA46F}.Release|Any CPU.Build.0 = Release|Any CPU
		{648FC04F-0DD4-B135-9260-E1A62E5FB7FB}.Debug|Any CPU.ActiveCfg = Debug|Any CPU
		{648FC04F-0DD4-B135-9260-E1A62E5FB7FB}.Debug|Any CPU.Build.0 = Debug|Any CPU
		{648FC04F-0DD4-B135-9260-E1A62E5FB7FB}.Release|Any CPU.ActiveCfg = Release|Any CPU
		{648FC04F-0DD4-B135-9260-E1A62E5FB7FB}.Release|Any CPU.Build.0 = Release|Any CPU
		{4C0E61D6-C918-C03E-8841-6DE12E99840B}.Debug|Any CPU.ActiveCfg = Debug|Any CPU
		{4C0E61D6-C918-C03E-8841-6DE12E99840B}.Debug|Any CPU.Build.0 = Debug|Any CPU
		{4C0E61D6-C918-C03E-8841-6DE12E99840B}.Release|Any CPU.ActiveCfg = Release|Any CPU
		{4C0E61D6-C918-C03E-8841-6DE12E99840B}.Release|Any CPU.Build.0 = Release|Any CPU
		{4C233FB0-AF34-721A-F584-BCD5D84674D1}.Debug|Any CPU.ActiveCfg = Debug|Any CPU
		{4C233FB0-AF34-721A-F584-BCD5D84674D1}.Debug|Any CPU.Build.0 = Debug|Any CPU
		{4C233FB0-AF34-721A-F584-BCD5D84674D1}.Release|Any CPU.ActiveCfg = Release|Any CPU
		{4C233FB0-AF34-721A-F584-BCD5D84674D1}.Release|Any CPU.Build.0 = Release|Any CPU
		{7ACE96A7-D0F6-799B-1638-0108B1F3D83E}.Debug|Any CPU.ActiveCfg = Debug|Any CPU
		{7ACE96A7-D0F6-799B-1638-0108B1F3D83E}.Debug|Any CPU.Build.0 = Debug|Any CPU
		{7ACE96A7-D0F6-799B-1638-0108B1F3D83E}.Release|Any CPU.ActiveCfg = Release|Any CPU
		{7ACE96A7-D0F6-799B-1638-0108B1F3D83E}.Release|Any CPU.Build.0 = Release|Any CPU
		{39E6ED90-E46D-F760-0B90-242EB4AB0853}.Debug|Any CPU.ActiveCfg = Debug|Any CPU
		{39E6ED90-E46D-F760-0B90-242EB4AB0853}.Debug|Any CPU.Build.0 = Debug|Any CPU
		{39E6ED90-E46D-F760-0B90-242EB4AB0853}.Release|Any CPU.ActiveCfg = Release|Any CPU
		{39E6ED90-E46D-F760-0B90-242EB4AB0853}.Release|Any CPU.Build.0 = Release|Any CPU
		{8F9534FE-A208-9F9F-8C93-4650E4BF264A}.Debug|Any CPU.ActiveCfg = Debug|Any CPU
		{8F9534FE-A208-9F9F-8C93-4650E4BF264A}.Debug|Any CPU.Build.0 = Debug|Any CPU
		{8F9534FE-A208-9F9F-8C93-4650E4BF264A}.Release|Any CPU.ActiveCfg = Release|Any CPU
		{8F9534FE-A208-9F9F-8C93-4650E4BF264A}.Release|Any CPU.Build.0 = Release|Any CPU
		{602D7260-0BC5-493B-4148-444F41CBB1BD}.Debug|Any CPU.ActiveCfg = Debug|Any CPU
		{602D7260-0BC5-493B-4148-444F41CBB1BD}.Debug|Any CPU.Build.0 = Debug|Any CPU
		{602D7260-0BC5-493B-4148-444F41CBB1BD}.Release|Any CPU.ActiveCfg = Release|Any CPU
		{602D7260-0BC5-493B-4148-444F41CBB1BD}.Release|Any CPU.Build.0 = Release|Any CPU
		{160627BE-54BD-5BC4-A32D-54F0EA02645F}.Debug|Any CPU.ActiveCfg = Debug|Any CPU
		{160627BE-54BD-5BC4-A32D-54F0EA02645F}.Debug|Any CPU.Build.0 = Debug|Any CPU
		{160627BE-54BD-5BC4-A32D-54F0EA02645F}.Release|Any CPU.ActiveCfg = Release|Any CPU
		{160627BE-54BD-5BC4-A32D-54F0EA02645F}.Release|Any CPU.Build.0 = Release|Any CPU
		{14B7751F-7ECC-FBA1-2FE2-F1F87CD5202D}.Debug|Any CPU.ActiveCfg = Debug|Any CPU
		{14B7751F-7ECC-FBA1-2FE2-F1F87CD5202D}.Debug|Any CPU.Build.0 = Debug|Any CPU
		{14B7751F-7ECC-FBA1-2FE2-F1F87CD5202D}.Release|Any CPU.ActiveCfg = Release|Any CPU
		{14B7751F-7ECC-FBA1-2FE2-F1F87CD5202D}.Release|Any CPU.Build.0 = Release|Any CPU
		{C6DF71FD-AEF1-93FA-6D7E-02D5427515D7}.Debug|Any CPU.ActiveCfg = Debug|Any CPU
		{C6DF71FD-AEF1-93FA-6D7E-02D5427515D7}.Debug|Any CPU.Build.0 = Debug|Any CPU
		{C6DF71FD-AEF1-93FA-6D7E-02D5427515D7}.Release|Any CPU.ActiveCfg = Release|Any CPU
		{C6DF71FD-AEF1-93FA-6D7E-02D5427515D7}.Release|Any CPU.Build.0 = Release|Any CPU
		{F413F5B3-8309-4F25-9D3B-C586FB68AF2F}.Debug|Any CPU.ActiveCfg = Debug|Any CPU
		{F413F5B3-8309-4F25-9D3B-C586FB68AF2F}.Debug|Any CPU.Build.0 = Debug|Any CPU
		{F413F5B3-8309-4F25-9D3B-C586FB68AF2F}.Release|Any CPU.ActiveCfg = Release|Any CPU
		{F413F5B3-8309-4F25-9D3B-C586FB68AF2F}.Release|Any CPU.Build.0 = Release|Any CPU
		{FD87FA5F-E33B-C35B-352F-946B4B1FFFFC}.Debug|Any CPU.ActiveCfg = Debug|Any CPU
		{FD87FA5F-E33B-C35B-352F-946B4B1FFFFC}.Debug|Any CPU.Build.0 = Debug|Any CPU
		{FD87FA5F-E33B-C35B-352F-946B4B1FFFFC}.Release|Any CPU.ActiveCfg = Release|Any CPU
		{FD87FA5F-E33B-C35B-352F-946B4B1FFFFC}.Release|Any CPU.Build.0 = Release|Any CPU
		{E3618E1D-7F79-FACC-D42F-4CFAC4DFCD93}.Debug|Any CPU.ActiveCfg = Debug|Any CPU
		{E3618E1D-7F79-FACC-D42F-4CFAC4DFCD93}.Debug|Any CPU.Build.0 = Debug|Any CPU
		{E3618E1D-7F79-FACC-D42F-4CFAC4DFCD93}.Release|Any CPU.ActiveCfg = Release|Any CPU
		{E3618E1D-7F79-FACC-D42F-4CFAC4DFCD93}.Release|Any CPU.Build.0 = Release|Any CPU
		{203AAF6E-8A84-8EA2-2523-C86E5D4088CA}.Debug|Any CPU.ActiveCfg = Debug|Any CPU
		{203AAF6E-8A84-8EA2-2523-C86E5D4088CA}.Debug|Any CPU.Build.0 = Debug|Any CPU
		{203AAF6E-8A84-8EA2-2523-C86E5D4088CA}.Release|Any CPU.ActiveCfg = Release|Any CPU
		{203AAF6E-8A84-8EA2-2523-C86E5D4088CA}.Release|Any CPU.Build.0 = Release|Any CPU
		{1E9E3F3E-2CDC-0EDB-1540-730668DF9A05}.Debug|Any CPU.ActiveCfg = Debug|Any CPU
		{1E9E3F3E-2CDC-0EDB-1540-730668DF9A05}.Debug|Any CPU.Build.0 = Debug|Any CPU
		{1E9E3F3E-2CDC-0EDB-1540-730668DF9A05}.Release|Any CPU.ActiveCfg = Release|Any CPU
		{1E9E3F3E-2CDC-0EDB-1540-730668DF9A05}.Release|Any CPU.Build.0 = Release|Any CPU
		{FC70F3D4-BF96-F90B-6281-D4AC9521DFF0}.Debug|Any CPU.ActiveCfg = Debug|Any CPU
		{FC70F3D4-BF96-F90B-6281-D4AC9521DFF0}.Debug|Any CPU.Build.0 = Debug|Any CPU
		{FC70F3D4-BF96-F90B-6281-D4AC9521DFF0}.Release|Any CPU.ActiveCfg = Release|Any CPU
		{FC70F3D4-BF96-F90B-6281-D4AC9521DFF0}.Release|Any CPU.Build.0 = Release|Any CPU
		{F808544C-A146-2450-D205-14DCAFCAE1BE}.Debug|Any CPU.ActiveCfg = Debug|Any CPU
		{F808544C-A146-2450-D205-14DCAFCAE1BE}.Debug|Any CPU.Build.0 = Debug|Any CPU
		{F808544C-A146-2450-D205-14DCAFCAE1BE}.Release|Any CPU.ActiveCfg = Release|Any CPU
		{F808544C-A146-2450-D205-14DCAFCAE1BE}.Release|Any CPU.Build.0 = Release|Any CPU
		{772F7891-7659-32FE-CC39-D2E137311AD2}.Debug|Any CPU.ActiveCfg = Debug|Any CPU
		{772F7891-7659-32FE-CC39-D2E137311AD2}.Debug|Any CPU.Build.0 = Debug|Any CPU
		{772F7891-7659-32FE-CC39-D2E137311AD2}.Release|Any CPU.ActiveCfg = Release|Any CPU
		{772F7891-7659-32FE-CC39-D2E137311AD2}.Release|Any CPU.Build.0 = Release|Any CPU
		{9C2206DB-08B3-3368-81FE-B6A5A677EB3F}.Debug|Any CPU.ActiveCfg = Debug|Any CPU
		{9C2206DB-08B3-3368-81FE-B6A5A677EB3F}.Debug|Any CPU.Build.0 = Debug|Any CPU
		{9C2206DB-08B3-3368-81FE-B6A5A677EB3F}.Release|Any CPU.ActiveCfg = Release|Any CPU
		{9C2206DB-08B3-3368-81FE-B6A5A677EB3F}.Release|Any CPU.Build.0 = Release|Any CPU
		{E9F8D8E7-E976-968A-F4C3-83283C999B18}.Debug|Any CPU.ActiveCfg = Debug|Any CPU
		{E9F8D8E7-E976-968A-F4C3-83283C999B18}.Debug|Any CPU.Build.0 = Debug|Any CPU
		{E9F8D8E7-E976-968A-F4C3-83283C999B18}.Release|Any CPU.ActiveCfg = Release|Any CPU
		{E9F8D8E7-E976-968A-F4C3-83283C999B18}.Release|Any CPU.Build.0 = Release|Any CPU
		{10BC7A20-2FD2-FD7C-AD58-161C2ABAB6D9}.Debug|Any CPU.ActiveCfg = Debug|Any CPU
		{10BC7A20-2FD2-FD7C-AD58-161C2ABAB6D9}.Debug|Any CPU.Build.0 = Debug|Any CPU
		{10BC7A20-2FD2-FD7C-AD58-161C2ABAB6D9}.Release|Any CPU.ActiveCfg = Release|Any CPU
		{10BC7A20-2FD2-FD7C-AD58-161C2ABAB6D9}.Release|Any CPU.Build.0 = Release|Any CPU
		{E3EC2BFE-B11D-61BB-FF10-5DA985B23C8E}.Debug|Any CPU.ActiveCfg = Debug|Any CPU
		{E3EC2BFE-B11D-61BB-FF10-5DA985B23C8E}.Debug|Any CPU.Build.0 = Debug|Any CPU
		{E3EC2BFE-B11D-61BB-FF10-5DA985B23C8E}.Release|Any CPU.ActiveCfg = Release|Any CPU
		{E3EC2BFE-B11D-61BB-FF10-5DA985B23C8E}.Release|Any CPU.Build.0 = Release|Any CPU
		{8C6142BE-3CF0-9969-A7CF-074F4D655003}.Debug|Any CPU.ActiveCfg = Debug|Any CPU
		{8C6142BE-3CF0-9969-A7CF-074F4D655003}.Debug|Any CPU.Build.0 = Debug|Any CPU
		{8C6142BE-3CF0-9969-A7CF-074F4D655003}.Release|Any CPU.ActiveCfg = Release|Any CPU
		{8C6142BE-3CF0-9969-A7CF-074F4D655003}.Release|Any CPU.Build.0 = Release|Any CPU
		{5F2A03C7-6F99-9BA9-5BA2-0728EA6A5D83}.Debug|Any CPU.ActiveCfg = Debug|Any CPU
		{5F2A03C7-6F99-9BA9-5BA2-0728EA6A5D83}.Debug|Any CPU.Build.0 = Debug|Any CPU
		{5F2A03C7-6F99-9BA9-5BA2-0728EA6A5D83}.Release|Any CPU.ActiveCfg = Release|Any CPU
		{5F2A03C7-6F99-9BA9-5BA2-0728EA6A5D83}.Release|Any CPU.Build.0 = Release|Any CPU
		{AFD5653C-A01D-FBFF-0E1A-D4A564C467A5}.Debug|Any CPU.ActiveCfg = Debug|Any CPU
		{AFD5653C-A01D-FBFF-0E1A-D4A564C467A5}.Debug|Any CPU.Build.0 = Debug|Any CPU
		{AFD5653C-A01D-FBFF-0E1A-D4A564C467A5}.Release|Any CPU.ActiveCfg = Release|Any CPU
		{AFD5653C-A01D-FBFF-0E1A-D4A564C467A5}.Release|Any CPU.Build.0 = Release|Any CPU
		{2A964452-CC5F-6A3B-6CFB-1B9F4309C07D}.Debug|Any CPU.ActiveCfg = Debug|Any CPU
		{2A964452-CC5F-6A3B-6CFB-1B9F4309C07D}.Debug|Any CPU.Build.0 = Debug|Any CPU
		{2A964452-CC5F-6A3B-6CFB-1B9F4309C07D}.Release|Any CPU.ActiveCfg = Release|Any CPU
		{2A964452-CC5F-6A3B-6CFB-1B9F4309C07D}.Release|Any CPU.Build.0 = Release|Any CPU
		{0287AD13-561B-B66C-977A-AC902F0824CB}.Debug|Any CPU.ActiveCfg = Debug|Any CPU
		{0287AD13-561B-B66C-977A-AC902F0824CB}.Debug|Any CPU.Build.0 = Debug|Any CPU
		{0287AD13-561B-B66C-977A-AC902F0824CB}.Release|Any CPU.ActiveCfg = Release|Any CPU
		{0287AD13-561B-B66C-977A-AC902F0824CB}.Release|Any CPU.Build.0 = Release|Any CPU
		{EF1890EC-42CA-2711-BE2B-C70C6642309B}.Debug|Any CPU.ActiveCfg = Debug|Any CPU
		{EF1890EC-42CA-2711-BE2B-C70C6642309B}.Debug|Any CPU.Build.0 = Debug|Any CPU
		{EF1890EC-42CA-2711-BE2B-C70C6642309B}.Release|Any CPU.ActiveCfg = Release|Any CPU
		{EF1890EC-42CA-2711-BE2B-C70C6642309B}.Release|Any CPU.Build.0 = Release|Any CPU
		{39AE1586-A96B-929E-A9BD-A3B166B0F10C}.Debug|Any CPU.ActiveCfg = Debug|Any CPU
		{39AE1586-A96B-929E-A9BD-A3B166B0F10C}.Debug|Any CPU.Build.0 = Debug|Any CPU
		{39AE1586-A96B-929E-A9BD-A3B166B0F10C}.Release|Any CPU.ActiveCfg = Release|Any CPU
		{39AE1586-A96B-929E-A9BD-A3B166B0F10C}.Release|Any CPU.Build.0 = Release|Any CPU
		{4FE7B5EB-7326-BB7A-F360-FD3FC2D9511F}.Debug|Any CPU.ActiveCfg = Debug|Any CPU
		{4FE7B5EB-7326-BB7A-F360-FD3FC2D9511F}.Debug|Any CPU.Build.0 = Debug|Any CPU
		{4FE7B5EB-7326-BB7A-F360-FD3FC2D9511F}.Release|Any CPU.ActiveCfg = Release|Any CPU
		{4FE7B5EB-7326-BB7A-F360-FD3FC2D9511F}.Release|Any CPU.Build.0 = Release|Any CPU
		{672DEE1F-5565-1513-8FE8-E83BCCE33182}.Debug|Any CPU.ActiveCfg = Debug|Any CPU
		{672DEE1F-5565-1513-8FE8-E83BCCE33182}.Debug|Any CPU.Build.0 = Debug|Any CPU
		{672DEE1F-5565-1513-8FE8-E83BCCE33182}.Release|Any CPU.ActiveCfg = Release|Any CPU
		{672DEE1F-5565-1513-8FE8-E83BCCE33182}.Release|Any CPU.Build.0 = Release|Any CPU
		{E881FFD9-A7FA-72DD-45E6-157B5C565043}.Debug|Any CPU.ActiveCfg = Debug|Any CPU
		{E881FFD9-A7FA-72DD-45E6-157B5C565043}.Debug|Any CPU.Build.0 = Debug|Any CPU
		{E881FFD9-A7FA-72DD-45E6-157B5C565043}.Release|Any CPU.ActiveCfg = Release|Any CPU
		{E881FFD9-A7FA-72DD-45E6-157B5C565043}.Release|Any CPU.Build.0 = Release|Any CPU
	EndGlobalSection
	GlobalSection(SolutionProperties) = preSolution
		HideSolutionNode = FALSE
	EndGlobalSection
EndGlobal
